{
  "name": "svelte-material-components",
  "version": "0.1.8",
  "lockfileVersion": 1,
  "requires": true,
  "dependencies": {
    "@material/animation": {
      "version": "0.34.0",
      "resolved": "https://registry.npmjs.org/@material/animation/-/animation-0.34.0.tgz",
      "integrity": "sha512-HKWU+pHda+xSIV0lwrTMOb/N005NIAV7+tvEEjTiLrQx74eO6J9nIjfCpZ0W4D8Kb9K90lgHFo0ZRC6yDTjizQ=="
    },
    "@material/auto-init": {
      "version": "0.38.0",
      "resolved": "https://registry.npmjs.org/@material/auto-init/-/auto-init-0.38.0.tgz",
      "integrity": "sha512-s3p5ww4BhCI/ySUulV0TxlAUg9R4PMcFYNGa7Kx4SUoD8k+rai61pgFiJW16YfWbtaI+wCQ25zDFB7Ek3bdpuw=="
    },
    "@material/base": {
      "version": "0.35.0",
      "resolved": "https://registry.npmjs.org/@material/base/-/base-0.35.0.tgz",
      "integrity": "sha512-PYuluVzcH8hxtionVvpTSygTENlgyOHvJ5ka7JfbCRQfXlxjV8zKYwhh9u/1HqA6y1OonG1oGFCaBHopbdsNEQ=="
    },
    "@material/button": {
      "version": "0.38.0",
      "resolved": "https://registry.npmjs.org/@material/button/-/button-0.38.0.tgz",
      "integrity": "sha512-NMljx5cBOOGcfN07NCs1Q/zjh9XucRRjzvrpSeyWNF37JJNHY7BOvZwATG7snT/rNzKm0yXxV0rRKYypj4Flqw==",
      "requires": {
        "@material/elevation": "0.38.0",
        "@material/ripple": "0.38.0",
        "@material/rtl": "0.36.0",
        "@material/theme": "0.38.0",
        "@material/typography": "0.38.0"
      }
    },
    "@material/card": {
      "version": "0.38.0",
      "resolved": "https://registry.npmjs.org/@material/card/-/card-0.38.0.tgz",
      "integrity": "sha512-kpTvrRX13Eh4rzb2xLSjJTfWUVMhED4TtfC7tDsYAY6UnDMcNYVqS/I+FvsmiwZhUzAgKCb0PPRTkNmjoV0l/g==",
      "requires": {
        "@material/elevation": "0.38.0",
        "@material/ripple": "0.38.0",
        "@material/rtl": "0.36.0",
        "@material/theme": "0.38.0"
      }
    },
    "@material/checkbox": {
      "version": "0.38.0",
      "resolved": "https://registry.npmjs.org/@material/checkbox/-/checkbox-0.38.0.tgz",
      "integrity": "sha512-dkn+llxt/fy8wIf+qJN4pdV4DC/pcKFEqoOdQm2+yVnHCEIcl+bsZNa5pW/Q7GkUicuKeK2+TyuReC96MuGkvA==",
      "requires": {
        "@material/animation": "0.34.0",
        "@material/base": "0.35.0",
        "@material/ripple": "0.38.0",
        "@material/rtl": "0.36.0",
        "@material/selection-control": "0.38.0",
        "@material/theme": "0.38.0"
      }
    },
    "@material/chips": {
      "version": "0.38.0",
      "resolved": "https://registry.npmjs.org/@material/chips/-/chips-0.38.0.tgz",
      "integrity": "sha512-KNOlevFDwoAbXGJbnfwiE7OpWfOIeG+jG3dqZt7Qe2l5BcXn7V+0keAlEJnoSJS1JrOwOnY9fB3uJ95LKvcDlA==",
      "requires": {
        "@material/animation": "0.34.0",
        "@material/base": "0.35.0",
        "@material/checkbox": "0.38.0",
        "@material/ripple": "0.38.0",
        "@material/typography": "0.38.0"
      }
    },
    "@material/dialog": {
      "version": "0.38.0",
      "resolved": "https://registry.npmjs.org/@material/dialog/-/dialog-0.38.0.tgz",
      "integrity": "sha512-JLsCqTq2bmkH5IYBnDZ3LK4spkfloG6tKDo3sqnnmFBLjK7vRwsRcnXT58zObW21R07nfhG9/QDwU/V5wSrUgA==",
      "requires": {
        "@material/animation": "0.34.0",
        "@material/base": "0.35.0",
        "@material/elevation": "0.38.0",
        "@material/ripple": "0.38.0",
        "@material/rtl": "0.36.0",
        "@material/theme": "0.38.0",
        "@material/typography": "0.38.0",
        "focus-trap": "2.4.6"
      }
    },
    "@material/drawer": {
      "version": "0.38.0",
      "resolved": "https://registry.npmjs.org/@material/drawer/-/drawer-0.38.0.tgz",
      "integrity": "sha512-fs+AVly2IUuuwjJWU/luXp/g1zacunLYz5635DWlomK8NkyBjPVnbjUhpdyF1sfDq+Rl1PT933jVPLWOi7VFXg==",
      "requires": {
        "@material/animation": "0.34.0",
        "@material/base": "0.35.0",
        "@material/elevation": "0.38.0",
        "@material/rtl": "0.36.0",
        "@material/theme": "0.38.0",
        "@material/typography": "0.38.0"
      }
    },
    "@material/elevation": {
      "version": "0.38.0",
      "resolved": "https://registry.npmjs.org/@material/elevation/-/elevation-0.38.0.tgz",
      "integrity": "sha512-uceP/4qL6U1cyY4mc/CHF6msceQwICAt2LD+hTAEKFTTFSLNsvZxqB+Oa7Yq7O5Wl9iBt2RAHtCiT5R/ACUa2Q==",
      "requires": {
        "@material/animation": "0.34.0",
        "@material/theme": "0.38.0"
      }
    },
    "@material/fab": {
      "version": "0.38.0",
      "resolved": "https://registry.npmjs.org/@material/fab/-/fab-0.38.0.tgz",
      "integrity": "sha512-7N+Qok7kTMLU+zcuRV204JTEw4+kmXdOWNobuLDfFIZTfjrUszNUiNFq7qEGMMh9jwhGNCdF4S+OPqiTwFZ9mg==",
      "requires": {
        "@material/animation": "0.34.0",
        "@material/elevation": "0.38.0",
        "@material/ripple": "0.38.0",
        "@material/rtl": "0.36.0",
        "@material/theme": "0.38.0",
        "@material/typography": "0.38.0"
      }
    },
    "@material/floating-label": {
      "version": "0.38.0",
      "resolved": "https://registry.npmjs.org/@material/floating-label/-/floating-label-0.38.0.tgz",
      "integrity": "sha512-ga+7ELYrkiRYMHqkLOnCKaQUvGowMYXqML3I7hBhs3eEchTjx42U7bfTSqbfdiNG1F9+cOcSOWTKug2VOkYlkg==",
      "requires": {
        "@material/base": "0.35.0",
        "@material/rtl": "0.36.0",
        "@material/theme": "0.38.0",
        "@material/typography": "0.38.0"
      }
    },
    "@material/form-field": {
      "version": "0.38.0",
      "resolved": "https://registry.npmjs.org/@material/form-field/-/form-field-0.38.0.tgz",
      "integrity": "sha512-tayB1Qx1BIlYkab5qZp9J0/Lrum77FLXl/8LkO6QwVUwJTZscxDnx/cJZ4A+PmIete9EFQWzRA4MObUCvUWnHw==",
      "requires": {
        "@material/base": "0.35.0",
        "@material/rtl": "0.36.0",
        "@material/selection-control": "0.38.0",
        "@material/theme": "0.38.0",
        "@material/typography": "0.38.0"
      }
    },
    "@material/grid-list": {
      "version": "0.38.0",
      "resolved": "https://registry.npmjs.org/@material/grid-list/-/grid-list-0.38.0.tgz",
      "integrity": "sha512-F8hwlIIRlhGj93AWTPYOYT84YPDH6Z/3BB46tTI7SkLfmUns4klZmOKq/pY07PCHmDeg/6gyk9BKl1QTYT4tYA==",
      "requires": {
        "@material/base": "0.35.0",
        "@material/rtl": "0.36.0",
        "@material/theme": "0.38.0",
        "@material/typography": "0.38.0"
      }
    },
    "@material/icon-button": {
      "version": "0.38.0",
      "resolved": "https://registry.npmjs.org/@material/icon-button/-/icon-button-0.38.0.tgz",
      "integrity": "sha512-7FbqaPeZtQVFmVNMR/F3Mud2EHNt5Yh18748oR9vtfgNtojgclcneVy7gmdH79vP9KCua/0fksh3xANPW0ZH/g==",
      "requires": {
        "@material/base": "0.35.0",
        "@material/ripple": "0.38.0",
        "@material/theme": "0.38.0"
      }
    },
    "@material/icon-toggle": {
      "version": "0.38.0",
      "resolved": "https://registry.npmjs.org/@material/icon-toggle/-/icon-toggle-0.38.0.tgz",
      "integrity": "sha512-u/Zv7HnqXPpffGwIBJrFDF+Rj8aUTJC9ysEaEszr8ScoVg3nEy7hdAUO2sQlwqgPwQUQ7THo0w3wihrnXS0yng==",
      "requires": {
        "@material/animation": "0.34.0",
        "@material/base": "0.35.0",
        "@material/ripple": "0.38.0",
        "@material/theme": "0.38.0"
      }
    },
    "@material/image-list": {
      "version": "0.38.0",
      "resolved": "https://registry.npmjs.org/@material/image-list/-/image-list-0.38.0.tgz",
      "integrity": "sha512-x/28ydtNaSnVK/Sdn/5KV9FktYLRahgXk6nhxvHcWTqo12rJ3hXbqImzGL1lUZPzCPQ/tCmqLfJGk3BxQL0M9w==",
      "requires": {
        "@material/theme": "0.38.0",
        "@material/typography": "0.38.0"
      }
    },
    "@material/layout-grid": {
      "version": "0.34.0",
      "resolved": "https://registry.npmjs.org/@material/layout-grid/-/layout-grid-0.34.0.tgz",
      "integrity": "sha512-LJ3LHCumfGftl1ihO0LW9JKsnR71nnlvpzhHdUlK6o1GPul+EEUUdOFN1zxI+Ik9iS++1na/Dg8f/1sdQUxj6w=="
    },
    "@material/line-ripple": {
      "version": "0.38.0",
      "resolved": "https://registry.npmjs.org/@material/line-ripple/-/line-ripple-0.38.0.tgz",
      "integrity": "sha512-HdfU0J1Q3CT2Z/H4aBEKGRTd7K33WhhQkieI4NGGyKSx4uwiRyr61i44Oo+YHK+fVqPjh+aMSjQU3wAfu3vSvA==",
      "requires": {
        "@material/animation": "0.34.0",
        "@material/base": "0.35.0",
        "@material/theme": "0.38.0"
      }
    },
    "@material/linear-progress": {
      "version": "0.38.0",
      "resolved": "https://registry.npmjs.org/@material/linear-progress/-/linear-progress-0.38.0.tgz",
      "integrity": "sha512-fu9w3RjoFrEJ3Ky9tz/E1wkL9bfh2zVRHJWPHDLIx/uos49994OV8BbvefqtS1//Poi25KfXx9GKiXQteOO02Q==",
      "requires": {
        "@material/animation": "0.34.0",
        "@material/base": "0.35.0",
        "@material/theme": "0.38.0"
      }
    },
    "@material/list": {
      "version": "0.38.0",
      "resolved": "https://registry.npmjs.org/@material/list/-/list-0.38.0.tgz",
      "integrity": "sha512-ss9WgGLBEMTp5oIEBEZf4sqMPF2Dt7HJOil7qyXesjYWajqJKueD3Vg2wVCwZZD14qsycWQlGHN5d5J3Lr0xeA==",
      "requires": {
        "@material/base": "0.35.0",
        "@material/ripple": "0.38.0",
        "@material/rtl": "0.36.0",
        "@material/theme": "0.38.0",
        "@material/typography": "0.38.0"
      }
    },
    "@material/menu": {
      "version": "0.38.0",
      "resolved": "https://registry.npmjs.org/@material/menu/-/menu-0.38.0.tgz",
      "integrity": "sha512-dq+ZoyxaBBk/J+TCQJ5GQM73GEYLiKJD+M+Ub1WMbgKUb7WQhQuhgVB51YJEcCL8grzEosnbK51SgnyuXODKKg==",
      "requires": {
        "@material/animation": "0.34.0",
        "@material/base": "0.35.0",
        "@material/elevation": "0.38.0",
        "@material/theme": "0.38.0",
        "@material/typography": "0.38.0"
      }
    },
    "@material/notched-outline": {
      "version": "0.38.0",
      "resolved": "https://registry.npmjs.org/@material/notched-outline/-/notched-outline-0.38.0.tgz",
      "integrity": "sha512-XDTVXyQ2TR/9Qa66F1UYBSbf5f0IVFJFjiF8TXyIkoqrP6l7Wauj+UvJpinwCPk/6KoZtj29sh6ToGQiHdVIJA==",
      "requires": {
        "@material/animation": "0.34.0",
        "@material/base": "0.35.0",
        "@material/theme": "0.38.0"
      }
    },
    "@material/radio": {
      "version": "0.38.0",
      "resolved": "https://registry.npmjs.org/@material/radio/-/radio-0.38.0.tgz",
      "integrity": "sha512-S3eItKk/i3cToebULT8d1IdppWbqr/LDADmKCJAQKZ2S/rS26iPLPfYZO4A7nZFnxgJengS91sW7TCzbR9DXog==",
      "requires": {
        "@material/animation": "0.34.0",
        "@material/base": "0.35.0",
        "@material/ripple": "0.38.0",
        "@material/selection-control": "0.38.0",
        "@material/theme": "0.38.0"
      }
    },
    "@material/ripple": {
      "version": "0.38.0",
      "resolved": "https://registry.npmjs.org/@material/ripple/-/ripple-0.38.0.tgz",
      "integrity": "sha512-BGo8/nAC8BUe/n8m+KXlUn9VND8F9mrN6y3+W+lMhYUm3UA0B3ri8SRxBSgr4UgnWHv+kxnFWq7pcosAwqvu9A==",
      "requires": {
        "@material/animation": "0.34.0",
        "@material/base": "0.35.0",
        "@material/theme": "0.38.0"
      }
    },
    "@material/rtl": {
      "version": "0.36.0",
      "resolved": "https://registry.npmjs.org/@material/rtl/-/rtl-0.36.0.tgz",
      "integrity": "sha512-uCMwWGdKG0ooYh1kVINz7vTgSY++9wnvU3kOqjRdfOY+PZHWSa/X/EqRdE9Q1pUFwYlQeU2PXE/Z2dTK/nlziw=="
    },
    "@material/select": {
      "version": "0.38.0",
      "resolved": "https://registry.npmjs.org/@material/select/-/select-0.38.0.tgz",
      "integrity": "sha512-NjcG41J2OPqGW9rhRG3R0pQmg3GpqZt8o7jqDYDciK+SgcGQsjHEcpkb3gvNNv64fDoJusPVQhTrZGP3vCGmVQ==",
      "requires": {
        "@material/animation": "0.34.0",
        "@material/base": "0.35.0",
        "@material/floating-label": "0.38.0",
        "@material/line-ripple": "0.38.0",
        "@material/notched-outline": "0.38.0",
        "@material/ripple": "0.38.0",
        "@material/rtl": "0.36.0",
        "@material/theme": "0.38.0",
        "@material/typography": "0.38.0"
      }
    },
    "@material/selection-control": {
      "version": "0.38.0",
      "resolved": "https://registry.npmjs.org/@material/selection-control/-/selection-control-0.38.0.tgz",
      "integrity": "sha512-AzNORv1beQtST4tjdMmlPMF6lV3yfY0YLY4tyYKVtEWiotZ5XfgJKR/XSX3BMVXP12HKXHbO8ks19y4EX/I4dQ==",
      "requires": {
        "@material/ripple": "0.38.0"
      }
    },
    "@material/shape": {
      "version": "0.35.0",
      "resolved": "https://registry.npmjs.org/@material/shape/-/shape-0.35.0.tgz",
      "integrity": "sha512-WMmGLWrqRymMn8gaPybDWRIx7zNurUmaUa/OoxB++HSiLdLZf8hdEffiWLgqc5u97eRpb4IRaIi/jzcPbWxiUw=="
    },
    "@material/slider": {
      "version": "0.38.0",
      "resolved": "https://registry.npmjs.org/@material/slider/-/slider-0.38.0.tgz",
      "integrity": "sha512-HF0XPteiS8IpT1xyGi1dYLd5CW3FxXlDKteNsuhroSFXON2CNH+voHdfT+jW1WfkWcDKSthmSTB1iabD8+9xDg==",
      "requires": {
        "@material/animation": "0.34.0",
        "@material/base": "0.35.0",
        "@material/rtl": "0.36.0",
        "@material/theme": "0.38.0"
      }
    },
    "@material/snackbar": {
      "version": "0.38.0",
      "resolved": "https://registry.npmjs.org/@material/snackbar/-/snackbar-0.38.0.tgz",
      "integrity": "sha512-YvQJTxcd8SkCejI2NiZtAiIzvA097zm0qLQr1bD8j3uAuuuenK3BllNKO8K9nPAmvLmOGS5GRaeRUfsmWcwzTA==",
      "requires": {
        "@material/animation": "0.34.0",
        "@material/base": "0.35.0",
        "@material/rtl": "0.36.0",
        "@material/theme": "0.38.0",
        "@material/typography": "0.38.0"
      }
    },
    "@material/switch": {
      "version": "0.38.0",
      "resolved": "https://registry.npmjs.org/@material/switch/-/switch-0.38.0.tgz",
      "integrity": "sha512-2hbzvwTizfNV1HqlQtW0uvWHTRDftoG/CEO53/UlBWHDTyldhjtOvck75NZirhfBpz7mQKZjdwjSDNfAo1NA1A==",
      "requires": {
        "@material/animation": "0.34.0",
        "@material/base": "0.35.0",
        "@material/elevation": "0.38.0",
        "@material/ripple": "0.38.0",
        "@material/rtl": "0.36.0",
        "@material/selection-control": "0.38.0",
        "@material/theme": "0.38.0"
      }
    },
    "@material/tab": {
      "version": "0.38.0",
      "resolved": "https://registry.npmjs.org/@material/tab/-/tab-0.38.0.tgz",
      "integrity": "sha512-UOqryU6y6qaBoSVWfd+RfBBJh/fH61C+n67CMlhk0nwLDm2Nk9tVGIQulZF8Ljnoow0Bm7RS8VN0LVCE8A8t/w==",
      "requires": {
        "@material/base": "0.35.0",
        "@material/ripple": "0.38.0",
        "@material/rtl": "0.36.0",
        "@material/tab-indicator": "0.38.0",
        "@material/theme": "0.38.0",
        "@material/typography": "0.38.0"
      }
    },
    "@material/tab-bar": {
      "version": "0.38.0",
      "resolved": "https://registry.npmjs.org/@material/tab-bar/-/tab-bar-0.38.0.tgz",
      "integrity": "sha512-IWysrdJW8fPqxhbO2Od0+wZNX5aR/RMqLl8X2KoTniXXZ2JGA3iIN6EMTtv4FySH8CqsQdAMvezxqPMLfuiusQ==",
      "requires": {
        "@material/base": "0.35.0",
        "@material/elevation": "0.38.0",
        "@material/tab": "0.38.0",
        "@material/tab-scroller": "0.38.0"
      }
    },
    "@material/tab-indicator": {
      "version": "0.38.0",
      "resolved": "https://registry.npmjs.org/@material/tab-indicator/-/tab-indicator-0.38.0.tgz",
      "integrity": "sha512-Bf094KEhVImPSX9Rob1a8v8MrrbcBa71/p4UHbXcjrheqdoS4jtW3kuh3UzVmdLjVVOmalUwlKtD4HE3lCmPLA==",
      "requires": {
        "@material/animation": "0.34.0",
        "@material/base": "0.35.0",
        "@material/theme": "0.38.0"
      }
    },
    "@material/tab-scroller": {
      "version": "0.38.0",
      "resolved": "https://registry.npmjs.org/@material/tab-scroller/-/tab-scroller-0.38.0.tgz",
      "integrity": "sha512-KL4iA6xOmJs3MKw3ApAmbZvY4WtcvHyIm6AMnEYPulq4CXVkg/hEiavnHcLSJnRYQNSAGKqv75Hk1OfsrV/wqg==",
      "requires": {
        "@material/animation": "0.34.0",
        "@material/base": "0.35.0",
        "@material/tab": "0.38.0"
      }
    },
    "@material/textfield": {
      "version": "0.38.0",
      "resolved": "https://registry.npmjs.org/@material/textfield/-/textfield-0.38.0.tgz",
      "integrity": "sha512-Ex2fy0uRAuTXm5+6OXS0XalljnVLjQ8gTvR2RE2xHm2KCqzGPIvZcQ8T5V9CkAteUE95jWVpc+vNHBtmG/UsdQ==",
      "requires": {
        "@material/animation": "0.34.0",
        "@material/base": "0.35.0",
        "@material/floating-label": "0.38.0",
        "@material/line-ripple": "0.38.0",
        "@material/notched-outline": "0.38.0",
        "@material/ripple": "0.38.0",
        "@material/rtl": "0.36.0",
        "@material/theme": "0.38.0",
        "@material/typography": "0.38.0"
      }
    },
    "@material/theme": {
      "version": "0.38.0",
      "resolved": "https://registry.npmjs.org/@material/theme/-/theme-0.38.0.tgz",
      "integrity": "sha512-mP5+qgICPm/0dD3hKa/hMd8AHerkAaLJgEsvBwTXi+N/kpPo9LIrHg40DvUGPs5w6KD9PUuskb3WGBvYcToHvA=="
    },
    "@material/toolbar": {
      "version": "0.38.0",
      "resolved": "https://registry.npmjs.org/@material/toolbar/-/toolbar-0.38.0.tgz",
      "integrity": "sha512-qyHnt+fEWkASDme6miQ4wvydnA1hyfpSRdzBgX/vEgIrjeFvZgtkEYvYYXH1YaRHPFgPOKTAVn/l+oFgdr9woQ==",
      "requires": {
        "@material/base": "0.35.0",
        "@material/elevation": "0.38.0",
        "@material/ripple": "0.38.0",
        "@material/rtl": "0.36.0",
        "@material/theme": "0.38.0",
        "@material/typography": "0.38.0"
      }
    },
    "@material/top-app-bar": {
      "version": "0.38.0",
      "resolved": "https://registry.npmjs.org/@material/top-app-bar/-/top-app-bar-0.38.0.tgz",
      "integrity": "sha512-BwNiNyAmlelZFHHxdxR/sfJBTdOnaoinrUXE8Q42/l1ybWXXAixHM9bGOkpD+cIny0kjWpCfYj/cn5FVFT7sfg==",
      "requires": {
        "@material/animation": "0.34.0",
        "@material/base": "0.35.0",
        "@material/elevation": "0.38.0",
        "@material/ripple": "0.38.0",
        "@material/rtl": "0.36.0",
        "@material/theme": "0.38.0",
        "@material/typography": "0.38.0"
      }
    },
    "@material/typography": {
      "version": "0.38.0",
      "resolved": "https://registry.npmjs.org/@material/typography/-/typography-0.38.0.tgz",
      "integrity": "sha512-g2wigBZXSXwrZtibt6sbPO1eM2IROdo9Jk7ffGIb7GuYGLD92hWWzxusaOg4W/rcsBkWMdfquydRL3Q4HFnS2g=="
    },
    "@types/estree": {
      "version": "0.0.39",
      "resolved": "https://registry.npmjs.org/@types/estree/-/estree-0.0.39.tgz",
      "integrity": "sha512-EYNwp3bU+98cpU4lAWYYL7Zz+2gryWH1qbdDTidVd6hkiR6weksdbMadyXKXNPEkQFhXM+hVO9ZygomHXp+AIw==",
      "dev": true
    },
    "@types/node": {
      "version": "10.5.8",
      "resolved": "https://registry.npmjs.org/@types/node/-/node-10.5.8.tgz",
      "integrity": "sha512-sWSjw+bYW/2W+1V3m8tVsm9PKJcxk3NHN7oRqNUfEdofKg0Imbdu1dQbFvLKjZQXEDXRN6IfSMACjJ7Wv4NGCQ==",
      "dev": true
    },
    "arr-diff": {
      "version": "2.0.0",
      "resolved": "https://registry.npmjs.org/arr-diff/-/arr-diff-2.0.0.tgz",
      "integrity": "sha1-jzuCf5Vai9ZpaX5KQlasPOrjVs8=",
      "dev": true,
      "requires": {
        "arr-flatten": "1.1.0"
      }
    },
    "arr-flatten": {
      "version": "1.1.0",
      "resolved": "https://registry.npmjs.org/arr-flatten/-/arr-flatten-1.1.0.tgz",
      "integrity": "sha512-L3hKV5R/p5o81R7O02IGnwpDmkp6E982XhtbuwSe3O4qOtMMMtodicASA1Cny2U+aCXcNpml+m4dPsvsJ3jatg==",
      "dev": true
    },
    "array-unique": {
      "version": "0.2.1",
      "resolved": "https://registry.npmjs.org/array-unique/-/array-unique-0.2.1.tgz",
      "integrity": "sha1-odl8yvy8JiXMcPrc6zalDFiwGlM=",
      "dev": true
    },
    "braces": {
      "version": "1.8.5",
      "resolved": "https://registry.npmjs.org/braces/-/braces-1.8.5.tgz",
      "integrity": "sha1-uneWLhLf+WnWt2cR6RS3N4V79qc=",
      "dev": true,
      "requires": {
        "expand-range": "1.8.2",
        "preserve": "0.2.0",
        "repeat-element": "1.1.2"
      }
    },
    "builtin-modules": {
      "version": "2.0.0",
      "resolved": "https://registry.npmjs.org/builtin-modules/-/builtin-modules-2.0.0.tgz",
      "integrity": "sha512-3U5kUA5VPsRUA3nofm/BXX7GVHKfxz0hOBAPxXrIvHzlDRkQVqEn6yi8QJegxl4LzOHLdvb7XF5dVawa/VVYBg==",
      "dev": true
    },
    "estree-walker": {
      "version": "0.5.2",
      "resolved": "https://registry.npmjs.org/estree-walker/-/estree-walker-0.5.2.tgz",
      "integrity": "sha512-XpCnW/AE10ws/kDAs37cngSkvgIR8aN3G0MS85m7dUpuK2EREo9VJ00uvw6Dg/hXEpfsE1I1TvJOJr+Z+TL+ig==",
      "dev": true
    },
    "expand-brackets": {
      "version": "0.1.5",
      "resolved": "https://registry.npmjs.org/expand-brackets/-/expand-brackets-0.1.5.tgz",
      "integrity": "sha1-3wcoTjQqgHzXM6xa9yQR5YHRF3s=",
      "dev": true,
      "requires": {
        "is-posix-bracket": "0.1.1"
      }
    },
    "expand-range": {
      "version": "1.8.2",
      "resolved": "https://registry.npmjs.org/expand-range/-/expand-range-1.8.2.tgz",
      "integrity": "sha1-opnv/TNf4nIeuujiV+x5ZE/IUzc=",
      "dev": true,
      "requires": {
        "fill-range": "2.2.4"
      }
    },
    "extglob": {
      "version": "0.3.2",
      "resolved": "https://registry.npmjs.org/extglob/-/extglob-0.3.2.tgz",
      "integrity": "sha1-Lhj/PS9JqydlzskCPwEdqo2DSaE=",
      "dev": true,
      "requires": {
        "is-extglob": "1.0.0"
      }
    },
    "filename-regex": {
      "version": "2.0.1",
      "resolved": "https://registry.npmjs.org/filename-regex/-/filename-regex-2.0.1.tgz",
      "integrity": "sha1-wcS5vuPglyXdsQa3XB4wH+LxiyY=",
      "dev": true
    },
    "fill-range": {
      "version": "2.2.4",
      "resolved": "https://registry.npmjs.org/fill-range/-/fill-range-2.2.4.tgz",
      "integrity": "sha512-cnrcCbj01+j2gTG921VZPnHbjmdAf8oQV/iGeV2kZxGSyfYjjTyY79ErsK1WJWMpw6DaApEX72binqJE+/d+5Q==",
      "dev": true,
      "requires": {
        "is-number": "2.1.0",
        "isobject": "2.1.0",
        "randomatic": "3.0.0",
        "repeat-element": "1.1.2",
        "repeat-string": "1.6.1"
      }
    },
    "focus-trap": {
      "version": "2.4.6",
      "resolved": "https://registry.npmjs.org/focus-trap/-/focus-trap-2.4.6.tgz",
      "integrity": "sha512-vWZTPtBU6pBoyWZDRZJHkXsyP2ZCZBHE3DRVXnSVdQKH/mcDtu9S5Kz8CUDyIqpfZfLEyI9rjKJLnc4Y40BRBg==",
      "requires": {
        "tabbable": "1.1.3"
      }
    },
    "for-in": {
      "version": "1.0.2",
      "resolved": "https://registry.npmjs.org/for-in/-/for-in-1.0.2.tgz",
      "integrity": "sha1-gQaNKVqBQuwKxybG4iAMMPttXoA=",
      "dev": true
    },
    "for-own": {
      "version": "0.1.5",
      "resolved": "https://registry.npmjs.org/for-own/-/for-own-0.1.5.tgz",
      "integrity": "sha1-UmXGgaTylNq78XyVCbZ2OqhFEM4=",
      "dev": true,
      "requires": {
        "for-in": "1.0.2"
      }
    },
    "glob-base": {
      "version": "0.3.0",
      "resolved": "https://registry.npmjs.org/glob-base/-/glob-base-0.3.0.tgz",
      "integrity": "sha1-27Fk9iIbHAscz4Kuoyi0l98Oo8Q=",
      "dev": true,
      "requires": {
        "glob-parent": "2.0.0",
        "is-glob": "2.0.1"
      }
    },
    "glob-parent": {
      "version": "2.0.0",
      "resolved": "https://registry.npmjs.org/glob-parent/-/glob-parent-2.0.0.tgz",
      "integrity": "sha1-gTg9ctsFT8zPUzbaqQLxgvbtuyg=",
      "dev": true,
      "requires": {
        "is-glob": "2.0.1"
      }
    },
    "is-buffer": {
      "version": "1.1.6",
      "resolved": "https://registry.npmjs.org/is-buffer/-/is-buffer-1.1.6.tgz",
      "integrity": "sha512-NcdALwpXkTm5Zvvbk7owOUSvVvBKDgKP5/ewfXEznmQFfs4ZRmanOeKBTjRVjka3QFoN6XJ+9F3USqfHqTaU5w==",
      "dev": true
    },
    "is-dotfile": {
      "version": "1.0.3",
      "resolved": "https://registry.npmjs.org/is-dotfile/-/is-dotfile-1.0.3.tgz",
      "integrity": "sha1-pqLzL/0t+wT1yiXs0Pa4PPeYoeE=",
      "dev": true
    },
    "is-equal-shallow": {
      "version": "0.1.3",
      "resolved": "https://registry.npmjs.org/is-equal-shallow/-/is-equal-shallow-0.1.3.tgz",
      "integrity": "sha1-IjgJj8Ih3gvPpdnqxMRdY4qhxTQ=",
      "dev": true,
      "requires": {
        "is-primitive": "2.0.0"
      }
    },
    "is-extendable": {
      "version": "0.1.1",
      "resolved": "https://registry.npmjs.org/is-extendable/-/is-extendable-0.1.1.tgz",
      "integrity": "sha1-YrEQ4omkcUGOPsNqYX1HLjAd/Ik=",
      "dev": true
    },
    "is-extglob": {
      "version": "1.0.0",
      "resolved": "https://registry.npmjs.org/is-extglob/-/is-extglob-1.0.0.tgz",
      "integrity": "sha1-rEaBd8SUNAWgkvyPKXYMb/xiBsA=",
      "dev": true
    },
    "is-glob": {
      "version": "2.0.1",
      "resolved": "https://registry.npmjs.org/is-glob/-/is-glob-2.0.1.tgz",
      "integrity": "sha1-0Jb5JqPe1WAPP9/ZEZjLCIjC2GM=",
      "dev": true,
      "requires": {
        "is-extglob": "1.0.0"
      }
    },
    "is-module": {
      "version": "1.0.0",
      "resolved": "https://registry.npmjs.org/is-module/-/is-module-1.0.0.tgz",
      "integrity": "sha1-Mlj7afeMFNW4FdZkM2tM/7ZEFZE=",
      "dev": true
    },
    "is-number": {
      "version": "2.1.0",
      "resolved": "https://registry.npmjs.org/is-number/-/is-number-2.1.0.tgz",
      "integrity": "sha1-Afy7s5NGOlSPL0ZszhbezknbkI8=",
      "dev": true,
      "requires": {
        "kind-of": "3.2.2"
      }
    },
    "is-posix-bracket": {
      "version": "0.1.1",
      "resolved": "https://registry.npmjs.org/is-posix-bracket/-/is-posix-bracket-0.1.1.tgz",
      "integrity": "sha1-MzTceXdDaOkvAW5vvAqI9c1ua8Q=",
      "dev": true
    },
    "is-primitive": {
      "version": "2.0.0",
      "resolved": "https://registry.npmjs.org/is-primitive/-/is-primitive-2.0.0.tgz",
      "integrity": "sha1-IHurkWOEmcB7Kt8kCkGochADRXU=",
      "dev": true
    },
    "isarray": {
      "version": "1.0.0",
      "resolved": "https://registry.npmjs.org/isarray/-/isarray-1.0.0.tgz",
      "integrity": "sha1-u5NdSFgsuhaMBoNJV6VKPgcSTxE=",
      "dev": true
    },
    "isobject": {
      "version": "2.1.0",
      "resolved": "https://registry.npmjs.org/isobject/-/isobject-2.1.0.tgz",
      "integrity": "sha1-8GVWEJaj8dou9GJy+BXIQNh+DIk=",
      "dev": true,
      "requires": {
        "isarray": "1.0.0"
      }
    },
    "kind-of": {
      "version": "3.2.2",
      "resolved": "https://registry.npmjs.org/kind-of/-/kind-of-3.2.2.tgz",
      "integrity": "sha1-MeohpzS6ubuw8yRm2JOupR5KPGQ=",
      "dev": true,
      "requires": {
        "is-buffer": "1.1.6"
      }
    },
    "magic-string": {
      "version": "0.22.5",
      "resolved": "https://registry.npmjs.org/magic-string/-/magic-string-0.22.5.tgz",
      "integrity": "sha512-oreip9rJZkzvA8Qzk9HFs8fZGF/u7H/gtrE8EN6RjKJ9kh2HlC+yQ2QezifqTZfGyiuAV0dRv5a+y/8gBb1m9w==",
      "dev": true,
      "requires": {
        "vlq": "0.2.3"
      }
    },
    "material-components-web": {
      "version": "0.38.0",
      "resolved": "https://registry.npmjs.org/material-components-web/-/material-components-web-0.38.0.tgz",
      "integrity": "sha512-3SbA9P0EymdQWYelm29kAgaE5CY77RuWRUL62qlvNUo0UkOoxVp/QDkUU9vCCn9cZ+IzoXurNPcNRqalYC8gtw==",
      "requires": {
        "@material/animation": "0.34.0",
        "@material/auto-init": "0.38.0",
        "@material/base": "0.35.0",
        "@material/button": "0.38.0",
        "@material/card": "0.38.0",
        "@material/checkbox": "0.38.0",
        "@material/chips": "0.38.0",
        "@material/dialog": "0.38.0",
        "@material/drawer": "0.38.0",
        "@material/elevation": "0.38.0",
        "@material/fab": "0.38.0",
        "@material/floating-label": "0.38.0",
        "@material/form-field": "0.38.0",
        "@material/grid-list": "0.38.0",
        "@material/icon-button": "0.38.0",
        "@material/icon-toggle": "0.38.0",
        "@material/image-list": "0.38.0",
        "@material/layout-grid": "0.34.0",
        "@material/line-ripple": "0.38.0",
        "@material/linear-progress": "0.38.0",
        "@material/list": "0.38.0",
        "@material/menu": "0.38.0",
        "@material/notched-outline": "0.38.0",
        "@material/radio": "0.38.0",
        "@material/ripple": "0.38.0",
        "@material/rtl": "0.36.0",
        "@material/select": "0.38.0",
        "@material/selection-control": "0.38.0",
        "@material/shape": "0.35.0",
        "@material/slider": "0.38.0",
        "@material/snackbar": "0.38.0",
        "@material/switch": "0.38.0",
        "@material/tab": "0.38.0",
        "@material/tab-bar": "0.38.0",
        "@material/tab-indicator": "0.38.0",
        "@material/tab-scroller": "0.38.0",
        "@material/textfield": "0.38.0",
        "@material/theme": "0.38.0",
        "@material/toolbar": "0.38.0",
        "@material/top-app-bar": "0.38.0",
        "@material/typography": "0.38.0"
      }
    },
    "math-random": {
      "version": "1.0.1",
      "resolved": "https://registry.npmjs.org/math-random/-/math-random-1.0.1.tgz",
      "integrity": "sha1-izqsWIuKZuSXXjzepn97sylgH6w=",
      "dev": true
    },
    "micromatch": {
      "version": "2.3.11",
      "resolved": "https://registry.npmjs.org/micromatch/-/micromatch-2.3.11.tgz",
      "integrity": "sha1-hmd8l9FyCzY0MdBNDRUpO9OMFWU=",
      "dev": true,
      "requires": {
        "arr-diff": "2.0.0",
        "array-unique": "0.2.1",
        "braces": "1.8.5",
        "expand-brackets": "0.1.5",
        "extglob": "0.3.2",
        "filename-regex": "2.0.1",
        "is-extglob": "1.0.0",
        "is-glob": "2.0.1",
        "kind-of": "3.2.2",
        "normalize-path": "2.1.1",
        "object.omit": "2.0.1",
        "parse-glob": "3.0.4",
        "regex-cache": "0.4.4"
      }
    },
    "normalize-path": {
      "version": "2.1.1",
      "resolved": "https://registry.npmjs.org/normalize-path/-/normalize-path-2.1.1.tgz",
      "integrity": "sha1-GrKLVW4Zg2Oowab35vogE3/mrtk=",
      "dev": true,
      "requires": {
        "remove-trailing-separator": "1.1.0"
      }
    },
    "object.omit": {
      "version": "2.0.1",
      "resolved": "https://registry.npmjs.org/object.omit/-/object.omit-2.0.1.tgz",
      "integrity": "sha1-Gpx0SCnznbuFjHbKNXmuKlTr0fo=",
      "dev": true,
      "requires": {
        "for-own": "0.1.5",
        "is-extendable": "0.1.1"
      }
    },
    "parse-glob": {
      "version": "3.0.4",
      "resolved": "https://registry.npmjs.org/parse-glob/-/parse-glob-3.0.4.tgz",
      "integrity": "sha1-ssN2z7EfNVE7rdFz7wu246OIORw=",
      "dev": true,
      "requires": {
        "glob-base": "0.3.0",
        "is-dotfile": "1.0.3",
        "is-extglob": "1.0.0",
        "is-glob": "2.0.1"
      }
    },
    "path-parse": {
      "version": "1.0.5",
      "resolved": "https://registry.npmjs.org/path-parse/-/path-parse-1.0.5.tgz",
      "integrity": "sha1-PBrfhx6pzWyUMbbqK9dKD/BVxME=",
      "dev": true
    },
    "preserve": {
      "version": "0.2.0",
      "resolved": "https://registry.npmjs.org/preserve/-/preserve-0.2.0.tgz",
      "integrity": "sha1-gV7R9uvGWSb4ZbMQwHE7yzMVzks=",
      "dev": true
    },
    "randomatic": {
      "version": "3.0.0",
      "resolved": "https://registry.npmjs.org/randomatic/-/randomatic-3.0.0.tgz",
      "integrity": "sha512-VdxFOIEY3mNO5PtSRkkle/hPJDHvQhK21oa73K4yAc9qmp6N429gAyF1gZMOTMeS0/AYzaV/2Trcef+NaIonSA==",
      "dev": true,
      "requires": {
        "is-number": "4.0.0",
        "kind-of": "6.0.2",
        "math-random": "1.0.1"
      },
      "dependencies": {
        "is-number": {
          "version": "4.0.0",
          "resolved": "https://registry.npmjs.org/is-number/-/is-number-4.0.0.tgz",
          "integrity": "sha512-rSklcAIlf1OmFdyAqbnWTLVelsQ58uvZ66S/ZyawjWqIviTWCjg2PzVGw8WUA+nNuPTqb4wgA+NszrJ+08LlgQ==",
          "dev": true
        },
        "kind-of": {
          "version": "6.0.2",
          "resolved": "https://registry.npmjs.org/kind-of/-/kind-of-6.0.2.tgz",
          "integrity": "sha512-s5kLOcnH0XqDO+FvuaLX8DDjZ18CGFk7VygH40QoKPUQhW4e2rvM0rwUq0t8IQDOwYSeLK01U90OjzBTme2QqA==",
          "dev": true
        }
      }
    },
    "regex-cache": {
      "version": "0.4.4",
      "resolved": "https://registry.npmjs.org/regex-cache/-/regex-cache-0.4.4.tgz",
      "integrity": "sha512-nVIZwtCjkC9YgvWkpM55B5rBhBYRZhAaJbgcFYXXsHnbZ9UZI9nnVWYZpBlCqv9ho2eZryPnWrZGsOdPwVWXWQ==",
      "dev": true,
      "requires": {
        "is-equal-shallow": "0.1.3"
      }
    },
    "remove-trailing-separator": {
      "version": "1.1.0",
      "resolved": "https://registry.npmjs.org/remove-trailing-separator/-/remove-trailing-separator-1.1.0.tgz",
      "integrity": "sha1-wkvOKig62tW8P1jg1IJJuSN52O8=",
      "dev": true
    },
    "repeat-element": {
      "version": "1.1.2",
      "resolved": "https://registry.npmjs.org/repeat-element/-/repeat-element-1.1.2.tgz",
      "integrity": "sha1-7wiaF40Ug7quTZPrmLT55OEdmQo=",
      "dev": true
    },
    "repeat-string": {
      "version": "1.6.1",
      "resolved": "https://registry.npmjs.org/repeat-string/-/repeat-string-1.6.1.tgz",
      "integrity": "sha1-jcrkcOHIirwtYA//Sndihtp15jc=",
      "dev": true
    },
    "require-relative": {
      "version": "0.8.7",
      "resolved": "https://registry.npmjs.org/require-relative/-/require-relative-0.8.7.tgz",
      "integrity": "sha1-eZlTn8ngR6N5KPoZb44VY9q9Nt4=",
      "dev": true
    },
    "resolve": {
      "version": "1.8.0",
      "resolved": "https://registry.npmjs.org/resolve/-/resolve-1.8.0.tgz",
      "integrity": "sha512-MNcwJ8/K9iJqFDBDyhcxZuDWvf/ai0GcAJWetx2Cvvcz4HLfA8j0KasWR5Z6ChcbjYZ+FaczcXjN2jrCXCjQ4w==",
      "dev": true,
      "requires": {
        "path-parse": "1.0.5"
      }
    },
    "rollup": {
      "version": "0.64.1",
      "resolved": "https://registry.npmjs.org/rollup/-/rollup-0.64.1.tgz",
      "integrity": "sha512-+ThdVXrvonJdOTzyybMBipP0uz605Z8AnzWVY3rf+cSGnLO7uNkJBlN+9jXqWOomkvumXfm/esmBpA5d53qm7g==",
      "dev": true,
      "requires": {
        "@types/estree": "0.0.39",
        "@types/node": "10.5.8"
      }
    },
    "rollup-plugin-commonjs": {
      "version": "9.1.5",
      "resolved": "https://registry.npmjs.org/rollup-plugin-commonjs/-/rollup-plugin-commonjs-9.1.5.tgz",
      "integrity": "sha512-Hy7KbvsSMNu6aCO2xabp8gBcWrTiS+EzfHkzWwZwMjrcAYuYfCLU7fP1nM4xM0FMye/13r8mzTkfb9AmDaZ1hQ==",
      "dev": true,
      "requires": {
        "estree-walker": "0.5.2",
        "magic-string": "0.22.5",
        "resolve": "1.8.0",
        "rollup-pluginutils": "2.3.0"
      }
    },
    "rollup-plugin-node-resolve": {
      "version": "3.3.0",
      "resolved": "https://registry.npmjs.org/rollup-plugin-node-resolve/-/rollup-plugin-node-resolve-3.3.0.tgz",
      "integrity": "sha512-9zHGr3oUJq6G+X0oRMYlzid9fXicBdiydhwGChdyeNRGPcN/majtegApRKHLR5drboUvEWU+QeUmGTyEZQs3WA==",
      "dev": true,
      "requires": {
        "builtin-modules": "2.0.0",
        "is-module": "1.0.0",
        "resolve": "1.8.0"
      }
    },
    "rollup-plugin-svelte": {
      "version": "4.2.1",
      "resolved": "https://registry.npmjs.org/rollup-plugin-svelte/-/rollup-plugin-svelte-4.2.1.tgz",
      "integrity": "sha512-dWWa1SlWZeYxbjju4gJS9r55tWE82x5FHbmuRpZmxe7lJUwvZGckOiIIIg+NYyHGuuq9rY+cyz3AG83qLe/E9w==",
      "dev": true,
      "requires": {
        "require-relative": "0.8.7",
        "rollup-pluginutils": "2.3.0",
        "sourcemap-codec": "1.4.1"
      }
    },
    "rollup-pluginutils": {
      "version": "2.3.0",
      "resolved": "https://registry.npmjs.org/rollup-pluginutils/-/rollup-pluginutils-2.3.0.tgz",
      "integrity": "sha512-xB6hsRsjdJdIYWEyYUJy/3ki5g69wrf0luHPGNK3ZSocV6HLNfio59l3dZ3TL4xUwEKgROhFi9jOCt6c5gfUWw==",
      "dev": true,
      "requires": {
        "estree-walker": "0.5.2",
        "micromatch": "2.3.11"
      }
    },
    "sourcemap-codec": {
      "version": "1.4.1",
      "resolved": "https://registry.npmjs.org/sourcemap-codec/-/sourcemap-codec-1.4.1.tgz",
      "integrity": "sha512-hX1eNBNuilj8yfFnECh0DzLgwKpBLMIvmhgEhixXNui8lMLBInTI8Kyxt++RwJnMNu7cAUo635L2+N1TxMJCzA==",
      "dev": true
    },
    "svelte": {
      "version": "2.9.11",
      "resolved": "https://registry.npmjs.org/svelte/-/svelte-2.9.11.tgz",
      "integrity": "sha512-tzI/nDvoiXqhplA8o3W49w+KlfKznK9RdDnE+Cm68iq38VSXFsIElRI5ilYCgUB91Bdz58j4P0DEzWk6srFE9Q==",
      "dev": true
    },
    "tabbable": {
      "version": "1.1.3",
      "resolved": "https://registry.npmjs.org/tabbable/-/tabbable-1.1.3.tgz",
      "integrity": "sha512-nOWwx35/JuDI4ONuF0ZTo6lYvI0fY0tZCH1ErzY2EXfu4az50ZyiUX8X073FLiZtmWUVlkRnuXsehjJgCw9tYg=="
    },
    "vlq": {
      "version": "0.2.3",
      "resolved": "https://registry.npmjs.org/vlq/-/vlq-0.2.3.tgz",
      "integrity": "sha512-DRibZL6DsNhIgYQ+wNdWDL2SL3bKPlVrRiBqV5yuMm++op8W4kGFtaQfCs4KEJn0wBZcHVHJ3eoywX8983k1ow==",
      "dev": true
    }
  }
}
