{
  "name": "svelte-material-components",
  "version": "0.1.0",
  "lockfileVersion": 1,
  "requires": true,
  "dependencies": {
    "@material/animation": {
      "version": "0.34.0",
      "resolved": "https://registry.npmjs.org/@material/animation/-/animation-0.34.0.tgz",
      "integrity": "sha512-HKWU+pHda+xSIV0lwrTMOb/N005NIAV7+tvEEjTiLrQx74eO6J9nIjfCpZ0W4D8Kb9K90lgHFo0ZRC6yDTjizQ=="
    },
    "@material/auto-init": {
      "version": "0.35.0",
      "resolved": "https://registry.npmjs.org/@material/auto-init/-/auto-init-0.35.0.tgz",
      "integrity": "sha512-mrd6pZqPNdkuD78VwYhbgCrMob3Ws1rFttYunME+IcJzLeJWOtLLGe4xZe0kYrJJ6e0AZAEA+azLyokOwPQ3Fw=="
    },
    "@material/base": {
      "version": "0.35.0",
      "resolved": "https://registry.npmjs.org/@material/base/-/base-0.35.0.tgz",
      "integrity": "sha512-PYuluVzcH8hxtionVvpTSygTENlgyOHvJ5ka7JfbCRQfXlxjV8zKYwhh9u/1HqA6y1OonG1oGFCaBHopbdsNEQ=="
    },
    "@material/button": {
      "version": "0.36.0",
      "resolved": "https://registry.npmjs.org/@material/button/-/button-0.36.0.tgz",
      "integrity": "sha512-gxIIBDBo5V0bcTSbtqGgu9d4HhKAnb/qoprOVBX74i1F9wKQ/Uy5/zqRunRlxR3deM30kdum31BFoVaj9H7Hww==",
      "requires": {
        "@material/elevation": "0.35.0",
        "@material/ripple": "0.36.0",
        "@material/rtl": "0.36.0",
        "@material/theme": "0.35.0",
        "@material/typography": "0.35.0"
      }
    },
    "@material/card": {
      "version": "0.36.0",
      "resolved": "https://registry.npmjs.org/@material/card/-/card-0.36.0.tgz",
      "integrity": "sha512-8oKLbgpYPBkql3jcUjDrWEtWBCusqXNeIBT2nvz4tW7Dzk+I3MnAT8fmMm57N3Hn4qTwha9ZmLlIy+6OVyVBRQ==",
      "requires": {
        "@material/elevation": "0.35.0",
        "@material/ripple": "0.36.0",
        "@material/rtl": "0.36.0",
        "@material/theme": "0.35.0"
      }
    },
    "@material/checkbox": {
      "version": "0.36.0",
      "resolved": "https://registry.npmjs.org/@material/checkbox/-/checkbox-0.36.0.tgz",
      "integrity": "sha512-1S4HH27dCCd/t8th4KECnu/s99FhnlaOnRPLhglsckr3mEAcIcXP20TbYSvdVPguexXmqzBAkGeLqKOtZzZFkg==",
      "requires": {
        "@material/animation": "0.34.0",
        "@material/base": "0.35.0",
        "@material/ripple": "0.36.0",
        "@material/rtl": "0.36.0",
        "@material/selection-control": "0.36.0",
        "@material/theme": "0.35.0"
      }
    },
    "@material/chips": {
      "version": "0.36.0",
      "resolved": "https://registry.npmjs.org/@material/chips/-/chips-0.36.0.tgz",
      "integrity": "sha512-sHOuGc9Gn9M9a3SX6H2Y0OnuOQK592m6LdEMCK758XziCXHwOOaXqTcj/JvdTXxfhntj6fjSfzbrPhdisuFNKA==",
      "requires": {
        "@material/animation": "0.34.0",
        "@material/base": "0.35.0",
        "@material/checkbox": "0.36.0",
        "@material/ripple": "0.36.0",
        "@material/typography": "0.35.0"
      }
    },
    "@material/dialog": {
      "version": "0.36.0",
      "resolved": "https://registry.npmjs.org/@material/dialog/-/dialog-0.36.0.tgz",
      "integrity": "sha512-PTPqTla5oe7M6nFgUjTIuTuumX44QqT5x10nFNVojATEMMIbadIRb6hwjbXwrY2cH/QEDAqZKG25Hy9ZoTOJOQ==",
      "requires": {
        "@material/animation": "0.34.0",
        "@material/base": "0.35.0",
        "@material/elevation": "0.35.0",
        "@material/ripple": "0.36.0",
        "@material/rtl": "0.36.0",
        "@material/theme": "0.35.0",
        "@material/typography": "0.35.0",
        "focus-trap": "2.4.6"
      }
    },
    "@material/drawer": {
      "version": "0.36.0",
      "resolved": "https://registry.npmjs.org/@material/drawer/-/drawer-0.36.0.tgz",
      "integrity": "sha512-Io6iKhVP6Ms+cYMdcM4iExUkslm9Q1X+EB56S8HQh+Gdo0U4LpfrbzmqWmbrxLgymNH6EKHyMlJepgHjtBEUpA==",
      "requires": {
        "@material/animation": "0.34.0",
        "@material/base": "0.35.0",
        "@material/elevation": "0.35.0",
        "@material/rtl": "0.36.0",
        "@material/theme": "0.35.0",
        "@material/typography": "0.35.0"
      }
    },
    "@material/elevation": {
      "version": "0.35.0",
      "resolved": "https://registry.npmjs.org/@material/elevation/-/elevation-0.35.0.tgz",
      "integrity": "sha512-8j+CRrrmyJ/0cSLXI4NykqPIvkHf7dLVUd6G7g7BXDOQkNOMSuu+/8qWOl8zpzd6eoXCqhD8JeZCw684XhVzQw==",
      "requires": {
        "@material/animation": "0.34.0",
        "@material/theme": "0.4.0"
      },
      "dependencies": {
        "@material/theme": {
          "version": "0.4.0",
          "resolved": "https://registry.npmjs.org/@material/theme/-/theme-0.4.0.tgz",
          "integrity": "sha1-Cu8aAnm2XBWZBYT7i47KCVxzRkE="
        }
      }
    },
    "@material/fab": {
      "version": "0.36.0",
      "resolved": "https://registry.npmjs.org/@material/fab/-/fab-0.36.0.tgz",
      "integrity": "sha512-DGWwtWR9jPAdA8ENle0lkkLnaAWs0mPNvQC5kA5t8yacAZWZ/9IFWtBhkvqqTLsaGavG9y2BdbGD2gK0bgQxyw==",
      "requires": {
        "@material/animation": "0.34.0",
        "@material/elevation": "0.35.0",
        "@material/ripple": "0.36.0",
        "@material/theme": "0.35.0"
      }
    },
    "@material/floating-label": {
      "version": "0.36.0",
      "resolved": "https://registry.npmjs.org/@material/floating-label/-/floating-label-0.36.0.tgz",
      "integrity": "sha512-hou0x0zm4FMbO0Uy9qxN/iyQznWghput+/QXSfyBE9fHE91EDFlZKirUwzmszm4B+Z3guxo04KZu4N4h6byCsg==",
      "requires": {
        "@material/base": "0.35.0",
        "@material/rtl": "0.36.0",
        "@material/theme": "0.35.0",
        "@material/typography": "0.35.0"
      }
    },
    "@material/form-field": {
      "version": "0.36.0",
      "resolved": "https://registry.npmjs.org/@material/form-field/-/form-field-0.36.0.tgz",
      "integrity": "sha512-vFnZX5M/t1lWlFw/AHcdC2Tk1PqTDcD+DR1+TLq5kc8u5iwpOyD27HzqfsycTs7OWWpyQ4LVHZiRSPyqAK1jcQ==",
      "requires": {
        "@material/base": "0.35.0",
        "@material/rtl": "0.36.0",
        "@material/selection-control": "0.36.0",
        "@material/theme": "0.35.0",
        "@material/typography": "0.35.0"
      }
    },
    "@material/grid-list": {
      "version": "0.36.0",
      "resolved": "https://registry.npmjs.org/@material/grid-list/-/grid-list-0.36.0.tgz",
      "integrity": "sha512-MnF6NY7NmFinz9+7Gh62zNK/AIrDmROPkyPoiMPBMtAdnuC5rqEDg14yIEGvBwdjrLQZ5bp8yTUR8dBsBpZTNg==",
      "requires": {
        "@material/base": "0.35.0",
        "@material/rtl": "0.36.0",
        "@material/theme": "0.35.0",
        "@material/typography": "0.35.0"
      }
    },
    "@material/icon-button": {
      "version": "0.36.0",
      "resolved": "https://registry.npmjs.org/@material/icon-button/-/icon-button-0.36.0.tgz",
      "integrity": "sha512-40xIj2AHpf8kQA7Dq/P9Pg+QcbyjtJudXONKjHjL+s4fWDTOq1lOsuhH4MaQAoF7afFNibU0zxiKNq21In6jTQ==",
      "requires": {
        "@material/base": "0.35.0",
        "@material/ripple": "0.36.0",
        "@material/theme": "0.35.0"
      }
    },
    "@material/icon-toggle": {
      "version": "0.36.0",
      "resolved": "https://registry.npmjs.org/@material/icon-toggle/-/icon-toggle-0.36.0.tgz",
      "integrity": "sha512-Kxb0vXNBcfyamM+UnAvhqCQ0RqP6Eq5aA2twvYHZl/BWd0q6uw1U1GTW6M5d+rI0ySblFUzR7bmgupAmNqFbKQ==",
      "requires": {
        "@material/animation": "0.34.0",
        "@material/base": "0.35.0",
        "@material/ripple": "0.36.0",
        "@material/theme": "0.35.0"
      }
    },
    "@material/image-list": {
      "version": "0.35.0",
      "resolved": "https://registry.npmjs.org/@material/image-list/-/image-list-0.35.0.tgz",
      "integrity": "sha512-n6nCl+icngiAAbOwIInNAFsJ+dgjmts+npG9tNLBvs9twBrJWavtIpkbwnQNtNlc5gBQuBRraCHIUqZ7pDY5zw==",
      "requires": {
        "@material/theme": "0.35.0",
        "@material/typography": "0.35.0"
      }
    },
    "@material/layout-grid": {
      "version": "0.34.0",
      "resolved": "https://registry.npmjs.org/@material/layout-grid/-/layout-grid-0.34.0.tgz",
      "integrity": "sha512-LJ3LHCumfGftl1ihO0LW9JKsnR71nnlvpzhHdUlK6o1GPul+EEUUdOFN1zxI+Ik9iS++1na/Dg8f/1sdQUxj6w=="
    },
    "@material/line-ripple": {
      "version": "0.35.0",
      "resolved": "https://registry.npmjs.org/@material/line-ripple/-/line-ripple-0.35.0.tgz",
      "integrity": "sha512-0w0kLYo2dGBiR2kgHxybifO7z4UxIYbL55EKOqkg+rG0dC+NkzFoURhjwoll6910EOlS//5UNo1N/u3to3uNjg==",
      "requires": {
        "@material/animation": "0.34.0",
        "@material/base": "0.35.0",
        "@material/theme": "0.35.0"
      }
    },
    "@material/linear-progress": {
      "version": "0.35.0",
      "resolved": "https://registry.npmjs.org/@material/linear-progress/-/linear-progress-0.35.0.tgz",
      "integrity": "sha512-ZU4wZxcJnkiu/jwp4EiwL3A61xuh2sdwthBTuySz1JPeipHUQ3t+lPzD5RwOQQ+akNTgf7q03s94Aaxq8ZUtlA==",
      "requires": {
        "@material/animation": "0.34.0",
        "@material/base": "0.35.0",
        "@material/theme": "0.35.0"
      }
    },
    "@material/list": {
      "version": "0.36.0",
      "resolved": "https://registry.npmjs.org/@material/list/-/list-0.36.0.tgz",
      "integrity": "sha512-BqhYHz8rBItPkgzV3NRYBhSHPnyqwBCR/c5N2gcZ/kHkHkachxj765pH9fIjoqxyDvg+RbYGMGXm3n8FmA57XA==",
      "requires": {
        "@material/ripple": "0.36.0",
        "@material/rtl": "0.36.0",
        "@material/theme": "0.35.0",
        "@material/typography": "0.35.0"
      }
    },
    "@material/menu": {
      "version": "0.35.0",
      "resolved": "https://registry.npmjs.org/@material/menu/-/menu-0.35.0.tgz",
      "integrity": "sha512-BIe78v+92OQNPwdeqqUS3bGQcaI//zLpGRb6FXPoTftZpwDGWS2tgog9IY10g3xm54iE35INHOZG4WTSk7regA==",
      "requires": {
        "@material/animation": "0.34.0",
        "@material/base": "0.35.0",
        "@material/elevation": "0.35.0",
        "@material/theme": "0.35.0",
        "@material/typography": "0.35.0"
      }
    },
    "@material/notched-outline": {
      "version": "0.35.0",
      "resolved": "https://registry.npmjs.org/@material/notched-outline/-/notched-outline-0.35.0.tgz",
      "integrity": "sha512-VXng7P2E0FPbhmoe0afSnKmHocrwOxVHSaEnt46lZL0nT4O19JISprgCWrFHblbhq92SrppHdS73PHzxgfI9HQ==",
      "requires": {
        "@material/animation": "0.34.0",
        "@material/base": "0.35.0",
        "@material/theme": "0.35.0"
      }
    },
    "@material/radio": {
      "version": "0.36.0",
      "resolved": "https://registry.npmjs.org/@material/radio/-/radio-0.36.0.tgz",
      "integrity": "sha512-GZw80QdRtdvkKrYk/vxiOPCBKOKfuf03N3uwn0ULYjUESdDZlQwaIoX2drPY9FpC9goCS84kFQm8yURrD6lxsw==",
      "requires": {
        "@material/animation": "0.34.0",
        "@material/base": "0.35.0",
        "@material/ripple": "0.36.0",
        "@material/selection-control": "0.36.0",
        "@material/theme": "0.35.0"
      }
    },
    "@material/ripple": {
      "version": "0.36.0",
      "resolved": "https://registry.npmjs.org/@material/ripple/-/ripple-0.36.0.tgz",
      "integrity": "sha512-8sKaBDyZ5fp0KgAY6HKukMzBogr4D+yRGMilI+xezxvtd9eFID8WgeMMJoN2sSi5ZuiggGg/nLrCsbk8ueDDwg==",
      "requires": {
        "@material/animation": "0.34.0",
        "@material/base": "0.35.0",
        "@material/theme": "0.35.0"
      }
    },
    "@material/rtl": {
      "version": "0.36.0",
      "resolved": "https://registry.npmjs.org/@material/rtl/-/rtl-0.36.0.tgz",
      "integrity": "sha512-uCMwWGdKG0ooYh1kVINz7vTgSY++9wnvU3kOqjRdfOY+PZHWSa/X/EqRdE9Q1pUFwYlQeU2PXE/Z2dTK/nlziw=="
    },
    "@material/select": {
      "version": "0.36.0",
      "resolved": "https://registry.npmjs.org/@material/select/-/select-0.36.0.tgz",
      "integrity": "sha512-KGV+DhDcEfNDiJUjRLnuxSS4plJk9mrgCl8XSu4xr+TI4ZmaIcBWRQUyQuWOcEfQ5xUKndLmO6r6s4KicwTFDA==",
      "requires": {
        "@material/animation": "0.34.0",
        "@material/base": "0.35.0",
        "@material/floating-label": "0.36.0",
        "@material/line-ripple": "0.35.0",
        "@material/ripple": "0.36.0",
        "@material/rtl": "0.36.0",
        "@material/theme": "0.35.0",
        "@material/typography": "0.35.0"
      }
    },
    "@material/selection-control": {
      "version": "0.36.0",
      "resolved": "https://registry.npmjs.org/@material/selection-control/-/selection-control-0.36.0.tgz",
      "integrity": "sha512-zWbrYUArgOziQ/eps/W/Hcf5D53UQ3M1sVBo/wsXIYlA88TYC0gdWyN6ZU0ta0Giz82ncbg7IGFkvjADJmW1MQ==",
      "requires": {
        "@material/ripple": "0.36.0"
      }
    },
    "@material/shape": {
      "version": "0.35.0",
      "resolved": "https://registry.npmjs.org/@material/shape/-/shape-0.35.0.tgz",
      "integrity": "sha512-WMmGLWrqRymMn8gaPybDWRIx7zNurUmaUa/OoxB++HSiLdLZf8hdEffiWLgqc5u97eRpb4IRaIi/jzcPbWxiUw=="
    },
    "@material/slider": {
      "version": "0.36.0",
      "resolved": "https://registry.npmjs.org/@material/slider/-/slider-0.36.0.tgz",
      "integrity": "sha512-WB4j62IzrQgToWrDwe5ssSX/7wUD2cvCNlVkehz0syjUMWLCDv3ZrWTJQhd3K6XE3TjSjtTa5JjhkuezAAr41A==",
      "requires": {
        "@material/animation": "0.34.0",
        "@material/base": "0.35.0",
        "@material/rtl": "0.36.0",
        "@material/theme": "0.35.0"
      }
    },
    "@material/snackbar": {
      "version": "0.36.0",
      "resolved": "https://registry.npmjs.org/@material/snackbar/-/snackbar-0.36.0.tgz",
      "integrity": "sha512-Q5YL/DLa/cBcE8PGU1HGNsb63OoKknjmL4vYvIMlgy+uNljjXoVBg80Kl5sp8RMzf5XiHByeJaSS1XB7g1ynRQ==",
      "requires": {
        "@material/animation": "0.34.0",
        "@material/base": "0.35.0",
        "@material/rtl": "0.36.0",
        "@material/theme": "0.35.0",
        "@material/typography": "0.35.0"
      }
    },
    "@material/switch": {
      "version": "0.36.0",
      "resolved": "https://registry.npmjs.org/@material/switch/-/switch-0.36.0.tgz",
      "integrity": "sha512-u6w1HWY2SsblvA54Fevk0FSYXEGmQayeAPnksS/ptQ83Z8IquHUnbk0JPud4hjwDia0z9yIRVTn3DGkYz3j8Xg==",
      "requires": {
        "@material/animation": "0.34.0",
        "@material/elevation": "0.35.0",
        "@material/rtl": "0.36.0",
        "@material/theme": "0.35.0"
      }
    },
    "@material/tabs": {
      "version": "0.36.0",
      "resolved": "https://registry.npmjs.org/@material/tabs/-/tabs-0.36.0.tgz",
      "integrity": "sha512-rZ9PPttCSmKzVtanSNj8rQkgbjQ3Lx4sGK3yv47ephWV7Oulgj3AeLfcqwXqfSnSTi3t2q4WAScq6dGSqhsC9Q==",
      "requires": {
        "@material/animation": "0.34.0",
        "@material/base": "0.35.0",
        "@material/ripple": "0.36.0",
        "@material/rtl": "0.36.0",
        "@material/theme": "0.35.0",
        "@material/typography": "0.35.0"
      }
    },
    "@material/textfield": {
      "version": "0.36.0",
      "resolved": "https://registry.npmjs.org/@material/textfield/-/textfield-0.36.0.tgz",
      "integrity": "sha512-bdgjqqDjqeAf/HLR35xqbXjVeuCo1vtdA7/Jy5Ve7Xa/w65GEJuDjMbOYENoi5tVWOGOhM805mlhkXx/d91Sbg==",
      "requires": {
        "@material/animation": "0.34.0",
        "@material/base": "0.35.0",
        "@material/floating-label": "0.36.0",
        "@material/line-ripple": "0.35.0",
        "@material/notched-outline": "0.35.0",
        "@material/ripple": "0.36.0",
        "@material/rtl": "0.36.0",
        "@material/theme": "0.35.0",
        "@material/typography": "0.35.0"
      }
    },
    "@material/theme": {
      "version": "0.35.0",
      "resolved": "https://registry.npmjs.org/@material/theme/-/theme-0.35.0.tgz",
      "integrity": "sha512-jTjRDPKlWVCNnSs4RRe/eq9+F5lFBzxfbuI7klgCR6jTXRMB93jKKKO7k6chgo9l0oObhLh81ao6sq/eV0WFIw=="
    },
    "@material/toolbar": {
      "version": "0.36.0",
      "resolved": "https://registry.npmjs.org/@material/toolbar/-/toolbar-0.36.0.tgz",
      "integrity": "sha512-UK1F6Nonms5M3w5tdLgi8D3Oz5dtPsOyw5R4IB1IbT824IIJ8W8uFTIyn/VdcRVESdsI0tYIqboC6AJYedP4cg==",
      "requires": {
        "@material/base": "0.35.0",
        "@material/elevation": "0.35.0",
        "@material/ripple": "0.36.0",
        "@material/rtl": "0.36.0",
        "@material/theme": "0.35.0",
        "@material/typography": "0.35.0"
      }
    },
    "@material/top-app-bar": {
      "version": "0.36.0",
      "resolved": "https://registry.npmjs.org/@material/top-app-bar/-/top-app-bar-0.36.0.tgz",
      "integrity": "sha512-hw6Rnow8gW3vY7R2ZqjRKUdoIlvZFGUL8QMqj1m6GGI6WGb/rVn37zYGUduagUNeaGPVD1TDUNTWx/ayZ9xE4Q==",
      "requires": {
        "@material/animation": "0.34.0",
        "@material/base": "0.35.0",
        "@material/elevation": "0.35.0",
        "@material/ripple": "0.36.0",
        "@material/rtl": "0.36.0",
        "@material/theme": "0.35.0",
        "@material/typography": "0.35.0"
      }
    },
    "@material/typography": {
      "version": "0.35.0",
      "resolved": "https://registry.npmjs.org/@material/typography/-/typography-0.35.0.tgz",
      "integrity": "sha512-7uXybSQToQCgB19RT0Pq47NkXSSojpbccVAObw/7fmfNUTcr3elNc8iPS/f1slYDTDEdyqM7hCreLcfZQK8ATQ=="
    },
    "@types/estree": {
      "version": "0.0.39",
      "resolved": "https://registry.npmjs.org/@types/estree/-/estree-0.0.39.tgz",
      "integrity": "sha512-EYNwp3bU+98cpU4lAWYYL7Zz+2gryWH1qbdDTidVd6hkiR6weksdbMadyXKXNPEkQFhXM+hVO9ZygomHXp+AIw==",
      "dev": true
    },
    "@types/node": {
      "version": "10.3.3",
      "resolved": "https://registry.npmjs.org/@types/node/-/node-10.3.3.tgz",
      "integrity": "sha512-/gwCgiI2e9RzzZTKbl+am3vgNqOt7a9fJ/uxv4SqYKxenoEDNVU3KZEadlpusWhQI0A0dOrZ0T68JYKVjzmgdQ==",
      "dev": true
    },
    "arr-diff": {
      "version": "2.0.0",
      "resolved": "https://registry.npmjs.org/arr-diff/-/arr-diff-2.0.0.tgz",
      "integrity": "sha1-jzuCf5Vai9ZpaX5KQlasPOrjVs8=",
      "dev": true,
      "requires": {
        "arr-flatten": "1.1.0"
      }
    },
    "arr-flatten": {
      "version": "1.1.0",
      "resolved": "https://registry.npmjs.org/arr-flatten/-/arr-flatten-1.1.0.tgz",
      "integrity": "sha512-L3hKV5R/p5o81R7O02IGnwpDmkp6E982XhtbuwSe3O4qOtMMMtodicASA1Cny2U+aCXcNpml+m4dPsvsJ3jatg==",
      "dev": true
    },
    "array-unique": {
      "version": "0.2.1",
      "resolved": "https://registry.npmjs.org/array-unique/-/array-unique-0.2.1.tgz",
      "integrity": "sha1-odl8yvy8JiXMcPrc6zalDFiwGlM=",
      "dev": true
    },
    "braces": {
      "version": "1.8.5",
      "resolved": "https://registry.npmjs.org/braces/-/braces-1.8.5.tgz",
      "integrity": "sha1-uneWLhLf+WnWt2cR6RS3N4V79qc=",
      "dev": true,
      "requires": {
        "expand-range": "1.8.2",
        "preserve": "0.2.0",
        "repeat-element": "1.1.2"
      }
    },
    "builtin-modules": {
      "version": "2.0.0",
      "resolved": "https://registry.npmjs.org/builtin-modules/-/builtin-modules-2.0.0.tgz",
      "integrity": "sha512-3U5kUA5VPsRUA3nofm/BXX7GVHKfxz0hOBAPxXrIvHzlDRkQVqEn6yi8QJegxl4LzOHLdvb7XF5dVawa/VVYBg==",
      "dev": true
    },
    "estree-walker": {
      "version": "0.5.2",
      "resolved": "https://registry.npmjs.org/estree-walker/-/estree-walker-0.5.2.tgz",
      "integrity": "sha512-XpCnW/AE10ws/kDAs37cngSkvgIR8aN3G0MS85m7dUpuK2EREo9VJ00uvw6Dg/hXEpfsE1I1TvJOJr+Z+TL+ig==",
      "dev": true
    },
    "expand-brackets": {
      "version": "0.1.5",
      "resolved": "https://registry.npmjs.org/expand-brackets/-/expand-brackets-0.1.5.tgz",
      "integrity": "sha1-3wcoTjQqgHzXM6xa9yQR5YHRF3s=",
      "dev": true,
      "requires": {
        "is-posix-bracket": "0.1.1"
      }
    },
    "expand-range": {
      "version": "1.8.2",
      "resolved": "https://registry.npmjs.org/expand-range/-/expand-range-1.8.2.tgz",
      "integrity": "sha1-opnv/TNf4nIeuujiV+x5ZE/IUzc=",
      "dev": true,
      "requires": {
        "fill-range": "2.2.4"
      }
    },
    "extglob": {
      "version": "0.3.2",
      "resolved": "https://registry.npmjs.org/extglob/-/extglob-0.3.2.tgz",
      "integrity": "sha1-Lhj/PS9JqydlzskCPwEdqo2DSaE=",
      "dev": true,
      "requires": {
        "is-extglob": "1.0.0"
      }
    },
    "filename-regex": {
      "version": "2.0.1",
      "resolved": "https://registry.npmjs.org/filename-regex/-/filename-regex-2.0.1.tgz",
      "integrity": "sha1-wcS5vuPglyXdsQa3XB4wH+LxiyY=",
      "dev": true
    },
    "fill-range": {
      "version": "2.2.4",
      "resolved": "https://registry.npmjs.org/fill-range/-/fill-range-2.2.4.tgz",
      "integrity": "sha512-cnrcCbj01+j2gTG921VZPnHbjmdAf8oQV/iGeV2kZxGSyfYjjTyY79ErsK1WJWMpw6DaApEX72binqJE+/d+5Q==",
      "dev": true,
      "requires": {
        "is-number": "2.1.0",
        "isobject": "2.1.0",
        "randomatic": "3.0.0",
        "repeat-element": "1.1.2",
        "repeat-string": "1.6.1"
      }
    },
    "focus-trap": {
      "version": "2.4.6",
      "resolved": "https://registry.npmjs.org/focus-trap/-/focus-trap-2.4.6.tgz",
      "integrity": "sha512-vWZTPtBU6pBoyWZDRZJHkXsyP2ZCZBHE3DRVXnSVdQKH/mcDtu9S5Kz8CUDyIqpfZfLEyI9rjKJLnc4Y40BRBg==",
      "requires": {
        "tabbable": "1.1.3"
      }
    },
    "for-in": {
      "version": "1.0.2",
      "resolved": "https://registry.npmjs.org/for-in/-/for-in-1.0.2.tgz",
      "integrity": "sha1-gQaNKVqBQuwKxybG4iAMMPttXoA=",
      "dev": true
    },
    "for-own": {
      "version": "0.1.5",
      "resolved": "https://registry.npmjs.org/for-own/-/for-own-0.1.5.tgz",
      "integrity": "sha1-UmXGgaTylNq78XyVCbZ2OqhFEM4=",
      "dev": true,
      "requires": {
        "for-in": "1.0.2"
      }
    },
    "glob-base": {
      "version": "0.3.0",
      "resolved": "https://registry.npmjs.org/glob-base/-/glob-base-0.3.0.tgz",
      "integrity": "sha1-27Fk9iIbHAscz4Kuoyi0l98Oo8Q=",
      "dev": true,
      "requires": {
        "glob-parent": "2.0.0",
        "is-glob": "2.0.1"
      }
    },
    "glob-parent": {
      "version": "2.0.0",
      "resolved": "https://registry.npmjs.org/glob-parent/-/glob-parent-2.0.0.tgz",
      "integrity": "sha1-gTg9ctsFT8zPUzbaqQLxgvbtuyg=",
      "dev": true,
      "requires": {
        "is-glob": "2.0.1"
      }
    },
    "is-buffer": {
      "version": "1.1.6",
      "resolved": "https://registry.npmjs.org/is-buffer/-/is-buffer-1.1.6.tgz",
      "integrity": "sha512-NcdALwpXkTm5Zvvbk7owOUSvVvBKDgKP5/ewfXEznmQFfs4ZRmanOeKBTjRVjka3QFoN6XJ+9F3USqfHqTaU5w==",
      "dev": true
    },
    "is-dotfile": {
      "version": "1.0.3",
      "resolved": "https://registry.npmjs.org/is-dotfile/-/is-dotfile-1.0.3.tgz",
      "integrity": "sha1-pqLzL/0t+wT1yiXs0Pa4PPeYoeE=",
      "dev": true
    },
    "is-equal-shallow": {
      "version": "0.1.3",
      "resolved": "https://registry.npmjs.org/is-equal-shallow/-/is-equal-shallow-0.1.3.tgz",
      "integrity": "sha1-IjgJj8Ih3gvPpdnqxMRdY4qhxTQ=",
      "dev": true,
      "requires": {
        "is-primitive": "2.0.0"
      }
    },
    "is-extendable": {
      "version": "0.1.1",
      "resolved": "https://registry.npmjs.org/is-extendable/-/is-extendable-0.1.1.tgz",
      "integrity": "sha1-YrEQ4omkcUGOPsNqYX1HLjAd/Ik=",
      "dev": true
    },
    "is-extglob": {
      "version": "1.0.0",
      "resolved": "https://registry.npmjs.org/is-extglob/-/is-extglob-1.0.0.tgz",
      "integrity": "sha1-rEaBd8SUNAWgkvyPKXYMb/xiBsA=",
      "dev": true
    },
    "is-glob": {
      "version": "2.0.1",
      "resolved": "https://registry.npmjs.org/is-glob/-/is-glob-2.0.1.tgz",
      "integrity": "sha1-0Jb5JqPe1WAPP9/ZEZjLCIjC2GM=",
      "dev": true,
      "requires": {
        "is-extglob": "1.0.0"
      }
    },
    "is-module": {
      "version": "1.0.0",
      "resolved": "https://registry.npmjs.org/is-module/-/is-module-1.0.0.tgz",
      "integrity": "sha1-Mlj7afeMFNW4FdZkM2tM/7ZEFZE=",
      "dev": true
    },
    "is-number": {
      "version": "2.1.0",
      "resolved": "https://registry.npmjs.org/is-number/-/is-number-2.1.0.tgz",
      "integrity": "sha1-Afy7s5NGOlSPL0ZszhbezknbkI8=",
      "dev": true,
      "requires": {
        "kind-of": "3.2.2"
      }
    },
    "is-posix-bracket": {
      "version": "0.1.1",
      "resolved": "https://registry.npmjs.org/is-posix-bracket/-/is-posix-bracket-0.1.1.tgz",
      "integrity": "sha1-MzTceXdDaOkvAW5vvAqI9c1ua8Q=",
      "dev": true
    },
    "is-primitive": {
      "version": "2.0.0",
      "resolved": "https://registry.npmjs.org/is-primitive/-/is-primitive-2.0.0.tgz",
      "integrity": "sha1-IHurkWOEmcB7Kt8kCkGochADRXU=",
      "dev": true
    },
    "isarray": {
      "version": "1.0.0",
      "resolved": "https://registry.npmjs.org/isarray/-/isarray-1.0.0.tgz",
      "integrity": "sha1-u5NdSFgsuhaMBoNJV6VKPgcSTxE=",
      "dev": true
    },
    "isobject": {
      "version": "2.1.0",
      "resolved": "https://registry.npmjs.org/isobject/-/isobject-2.1.0.tgz",
      "integrity": "sha1-8GVWEJaj8dou9GJy+BXIQNh+DIk=",
      "dev": true,
      "requires": {
        "isarray": "1.0.0"
      }
    },
    "kind-of": {
      "version": "3.2.2",
      "resolved": "https://registry.npmjs.org/kind-of/-/kind-of-3.2.2.tgz",
      "integrity": "sha1-MeohpzS6ubuw8yRm2JOupR5KPGQ=",
      "dev": true,
      "requires": {
        "is-buffer": "1.1.6"
      }
    },
    "magic-string": {
      "version": "0.22.5",
      "resolved": "https://registry.npmjs.org/magic-string/-/magic-string-0.22.5.tgz",
      "integrity": "sha512-oreip9rJZkzvA8Qzk9HFs8fZGF/u7H/gtrE8EN6RjKJ9kh2HlC+yQ2QezifqTZfGyiuAV0dRv5a+y/8gBb1m9w==",
      "dev": true,
      "requires": {
        "vlq": "0.2.3"
      }
    },
    "material-components-web": {
      "version": "0.36.0",
      "resolved": "https://registry.npmjs.org/material-components-web/-/material-components-web-0.36.0.tgz",
      "integrity": "sha512-IQyAuB2jN+qFImO6SfGxWx13M9Dx9xuQ7Lvfdehc/fuoSWC76P8B+nma2gURjriaN9a1vd71rY7IudOf8Ey1lw==",
      "requires": {
        "@material/animation": "0.34.0",
        "@material/auto-init": "0.35.0",
        "@material/base": "0.35.0",
        "@material/button": "0.36.0",
        "@material/card": "0.36.0",
        "@material/checkbox": "0.36.0",
        "@material/chips": "0.36.0",
        "@material/dialog": "0.36.0",
        "@material/drawer": "0.36.0",
        "@material/elevation": "0.35.0",
        "@material/fab": "0.36.0",
        "@material/floating-label": "0.36.0",
        "@material/form-field": "0.36.0",
        "@material/grid-list": "0.36.0",
        "@material/icon-button": "0.36.0",
        "@material/icon-toggle": "0.36.0",
        "@material/image-list": "0.35.0",
        "@material/layout-grid": "0.34.0",
        "@material/line-ripple": "0.35.0",
        "@material/linear-progress": "0.35.0",
        "@material/list": "0.36.0",
        "@material/menu": "0.35.0",
        "@material/notched-outline": "0.35.0",
        "@material/radio": "0.36.0",
        "@material/ripple": "0.36.0",
        "@material/rtl": "0.36.0",
        "@material/select": "0.36.0",
        "@material/selection-control": "0.36.0",
        "@material/shape": "0.35.0",
        "@material/slider": "0.36.0",
        "@material/snackbar": "0.36.0",
        "@material/switch": "0.36.0",
        "@material/tabs": "0.36.0",
        "@material/textfield": "0.36.0",
        "@material/theme": "0.35.0",
        "@material/toolbar": "0.36.0",
        "@material/top-app-bar": "0.36.0",
        "@material/typography": "0.35.0"
      }
    },
    "math-random": {
      "version": "1.0.1",
      "resolved": "https://registry.npmjs.org/math-random/-/math-random-1.0.1.tgz",
      "integrity": "sha1-izqsWIuKZuSXXjzepn97sylgH6w=",
      "dev": true
    },
    "micromatch": {
      "version": "2.3.11",
      "resolved": "https://registry.npmjs.org/micromatch/-/micromatch-2.3.11.tgz",
      "integrity": "sha1-hmd8l9FyCzY0MdBNDRUpO9OMFWU=",
      "dev": true,
      "requires": {
        "arr-diff": "2.0.0",
        "array-unique": "0.2.1",
        "braces": "1.8.5",
        "expand-brackets": "0.1.5",
        "extglob": "0.3.2",
        "filename-regex": "2.0.1",
        "is-extglob": "1.0.0",
        "is-glob": "2.0.1",
        "kind-of": "3.2.2",
        "normalize-path": "2.1.1",
        "object.omit": "2.0.1",
        "parse-glob": "3.0.4",
        "regex-cache": "0.4.4"
      }
    },
    "normalize-path": {
      "version": "2.1.1",
      "resolved": "https://registry.npmjs.org/normalize-path/-/normalize-path-2.1.1.tgz",
      "integrity": "sha1-GrKLVW4Zg2Oowab35vogE3/mrtk=",
      "dev": true,
      "requires": {
        "remove-trailing-separator": "1.1.0"
      }
    },
    "object.omit": {
      "version": "2.0.1",
      "resolved": "https://registry.npmjs.org/object.omit/-/object.omit-2.0.1.tgz",
      "integrity": "sha1-Gpx0SCnznbuFjHbKNXmuKlTr0fo=",
      "dev": true,
      "requires": {
        "for-own": "0.1.5",
        "is-extendable": "0.1.1"
      }
    },
    "parse-glob": {
      "version": "3.0.4",
      "resolved": "https://registry.npmjs.org/parse-glob/-/parse-glob-3.0.4.tgz",
      "integrity": "sha1-ssN2z7EfNVE7rdFz7wu246OIORw=",
      "dev": true,
      "requires": {
        "glob-base": "0.3.0",
        "is-dotfile": "1.0.3",
        "is-extglob": "1.0.0",
        "is-glob": "2.0.1"
      }
    },
    "path-parse": {
      "version": "1.0.5",
      "resolved": "https://registry.npmjs.org/path-parse/-/path-parse-1.0.5.tgz",
      "integrity": "sha1-PBrfhx6pzWyUMbbqK9dKD/BVxME=",
      "dev": true
    },
    "preserve": {
      "version": "0.2.0",
      "resolved": "https://registry.npmjs.org/preserve/-/preserve-0.2.0.tgz",
      "integrity": "sha1-gV7R9uvGWSb4ZbMQwHE7yzMVzks=",
      "dev": true
    },
    "randomatic": {
      "version": "3.0.0",
      "resolved": "https://registry.npmjs.org/randomatic/-/randomatic-3.0.0.tgz",
      "integrity": "sha512-VdxFOIEY3mNO5PtSRkkle/hPJDHvQhK21oa73K4yAc9qmp6N429gAyF1gZMOTMeS0/AYzaV/2Trcef+NaIonSA==",
      "dev": true,
      "requires": {
        "is-number": "4.0.0",
        "kind-of": "6.0.2",
        "math-random": "1.0.1"
      },
      "dependencies": {
        "is-number": {
          "version": "4.0.0",
          "resolved": "https://registry.npmjs.org/is-number/-/is-number-4.0.0.tgz",
          "integrity": "sha512-rSklcAIlf1OmFdyAqbnWTLVelsQ58uvZ66S/ZyawjWqIviTWCjg2PzVGw8WUA+nNuPTqb4wgA+NszrJ+08LlgQ==",
          "dev": true
        },
        "kind-of": {
          "version": "6.0.2",
          "resolved": "https://registry.npmjs.org/kind-of/-/kind-of-6.0.2.tgz",
          "integrity": "sha512-s5kLOcnH0XqDO+FvuaLX8DDjZ18CGFk7VygH40QoKPUQhW4e2rvM0rwUq0t8IQDOwYSeLK01U90OjzBTme2QqA==",
          "dev": true
        }
      }
    },
    "regex-cache": {
      "version": "0.4.4",
      "resolved": "https://registry.npmjs.org/regex-cache/-/regex-cache-0.4.4.tgz",
      "integrity": "sha512-nVIZwtCjkC9YgvWkpM55B5rBhBYRZhAaJbgcFYXXsHnbZ9UZI9nnVWYZpBlCqv9ho2eZryPnWrZGsOdPwVWXWQ==",
      "dev": true,
      "requires": {
        "is-equal-shallow": "0.1.3"
      }
    },
    "remove-trailing-separator": {
      "version": "1.1.0",
      "resolved": "https://registry.npmjs.org/remove-trailing-separator/-/remove-trailing-separator-1.1.0.tgz",
      "integrity": "sha1-wkvOKig62tW8P1jg1IJJuSN52O8=",
      "dev": true
    },
    "repeat-element": {
      "version": "1.1.2",
      "resolved": "https://registry.npmjs.org/repeat-element/-/repeat-element-1.1.2.tgz",
      "integrity": "sha1-7wiaF40Ug7quTZPrmLT55OEdmQo=",
      "dev": true
    },
    "repeat-string": {
      "version": "1.6.1",
      "resolved": "https://registry.npmjs.org/repeat-string/-/repeat-string-1.6.1.tgz",
      "integrity": "sha1-jcrkcOHIirwtYA//Sndihtp15jc=",
      "dev": true
    },
    "require-relative": {
      "version": "0.8.7",
      "resolved": "https://registry.npmjs.org/require-relative/-/require-relative-0.8.7.tgz",
      "integrity": "sha1-eZlTn8ngR6N5KPoZb44VY9q9Nt4=",
      "dev": true
    },
    "resolve": {
      "version": "1.8.0",
      "resolved": "https://registry.npmjs.org/resolve/-/resolve-1.8.0.tgz",
      "integrity": "sha512-MNcwJ8/K9iJqFDBDyhcxZuDWvf/ai0GcAJWetx2Cvvcz4HLfA8j0KasWR5Z6ChcbjYZ+FaczcXjN2jrCXCjQ4w==",
      "dev": true,
      "requires": {
        "path-parse": "1.0.5"
      }
    },
    "rollup": {
      "version": "0.60.7",
      "resolved": "https://registry.npmjs.org/rollup/-/rollup-0.60.7.tgz",
      "integrity": "sha512-Uj5I1A2PnDgA79P+v1dsNs1IHVydNgeJdKWRfoEJJdNMmyx07TRYqUtPUINaZ/gDusncFy1SZsT3lJnBBI8CGw==",
      "dev": true,
      "requires": {
        "@types/estree": "0.0.39",
        "@types/node": "10.3.3"
      }
    },
    "rollup-plugin-commonjs": {
      "version": "9.1.3",
      "resolved": "https://registry.npmjs.org/rollup-plugin-commonjs/-/rollup-plugin-commonjs-9.1.3.tgz",
      "integrity": "sha512-g91ZZKZwTW7F7vL6jMee38I8coj/Q9GBdTmXXeFL7ldgC1Ky5WJvHgbKlAiXXTh762qvohhExwUgeQGFh9suGg==",
      "dev": true,
      "requires": {
        "estree-walker": "0.5.2",
        "magic-string": "0.22.5",
        "resolve": "1.8.0",
        "rollup-pluginutils": "2.3.0"
      }
    },
    "rollup-plugin-node-resolve": {
      "version": "3.3.0",
      "resolved": "https://registry.npmjs.org/rollup-plugin-node-resolve/-/rollup-plugin-node-resolve-3.3.0.tgz",
      "integrity": "sha512-9zHGr3oUJq6G+X0oRMYlzid9fXicBdiydhwGChdyeNRGPcN/majtegApRKHLR5drboUvEWU+QeUmGTyEZQs3WA==",
      "dev": true,
      "requires": {
        "builtin-modules": "2.0.0",
        "is-module": "1.0.0",
        "resolve": "1.8.0"
      }
    },
    "rollup-plugin-svelte": {
      "version": "4.1.0",
      "resolved": "https://registry.npmjs.org/rollup-plugin-svelte/-/rollup-plugin-svelte-4.1.0.tgz",
      "integrity": "sha512-aMSzxt5i6G5IFrNFEa6AmuQqmhcdzmVIQVy1yr3kvLqjLQT5PjiVOmpKPJjNPF5zX82RGe+kjkBXi9KFL2PC/g==",
      "dev": true,
      "requires": {
        "require-relative": "0.8.7",
        "rollup-pluginutils": "2.3.0",
        "sourcemap-codec": "1.4.1"
      }
    },
    "rollup-pluginutils": {
      "version": "2.3.0",
      "resolved": "https://registry.npmjs.org/rollup-pluginutils/-/rollup-pluginutils-2.3.0.tgz",
      "integrity": "sha512-xB6hsRsjdJdIYWEyYUJy/3ki5g69wrf0luHPGNK3ZSocV6HLNfio59l3dZ3TL4xUwEKgROhFi9jOCt6c5gfUWw==",
      "dev": true,
      "requires": {
        "estree-walker": "0.5.2",
        "micromatch": "2.3.11"
      }
    },
    "sourcemap-codec": {
      "version": "1.4.1",
      "resolved": "https://registry.npmjs.org/sourcemap-codec/-/sourcemap-codec-1.4.1.tgz",
      "integrity": "sha512-hX1eNBNuilj8yfFnECh0DzLgwKpBLMIvmhgEhixXNui8lMLBInTI8Kyxt++RwJnMNu7cAUo635L2+N1TxMJCzA==",
      "dev": true
    },
    "svelte": {
      "version": "2.7.2",
      "resolved": "https://registry.npmjs.org/svelte/-/svelte-2.7.2.tgz",
      "integrity": "sha512-sugUyDUQ2+vL0jRyXeE2GH4NiDUWPWd12h/nUBzrJHneHmxrPccpILkwd1yNF37JD5PpiUIwOozGrZ3ofrI18A==",
      "dev": true
    },
    "tabbable": {
      "version": "1.1.3",
      "resolved": "https://registry.npmjs.org/tabbable/-/tabbable-1.1.3.tgz",
      "integrity": "sha512-nOWwx35/JuDI4ONuF0ZTo6lYvI0fY0tZCH1ErzY2EXfu4az50ZyiUX8X073FLiZtmWUVlkRnuXsehjJgCw9tYg=="
    },
    "vlq": {
      "version": "0.2.3",
      "resolved": "https://registry.npmjs.org/vlq/-/vlq-0.2.3.tgz",
      "integrity": "sha512-DRibZL6DsNhIgYQ+wNdWDL2SL3bKPlVrRiBqV5yuMm++op8W4kGFtaQfCs4KEJn0wBZcHVHJ3eoywX8983k1ow==",
      "dev": true
    }
  }
}
