{
  "name": "svelte-material-components",
  "version": "0.1.0",
  "lockfileVersion": 1,
  "requires": true,
  "dependencies": {
    "@material/animation": {
      "version": "0.34.0",
      "resolved": "https://registry.npmjs.org/@material/animation/-/animation-0.34.0.tgz",
      "integrity": "sha512-HKWU+pHda+xSIV0lwrTMOb/N005NIAV7+tvEEjTiLrQx74eO6J9nIjfCpZ0W4D8Kb9K90lgHFo0ZRC6yDTjizQ=="
    },
    "@material/auto-init": {
      "version": "0.35.0",
      "resolved": "https://registry.npmjs.org/@material/auto-init/-/auto-init-0.35.0.tgz",
      "integrity": "sha512-mrd6pZqPNdkuD78VwYhbgCrMob3Ws1rFttYunME+IcJzLeJWOtLLGe4xZe0kYrJJ6e0AZAEA+azLyokOwPQ3Fw=="
    },
    "@material/base": {
      "version": "0.35.0",
      "resolved": "https://registry.npmjs.org/@material/base/-/base-0.35.0.tgz",
      "integrity": "sha512-PYuluVzcH8hxtionVvpTSygTENlgyOHvJ5ka7JfbCRQfXlxjV8zKYwhh9u/1HqA6y1OonG1oGFCaBHopbdsNEQ=="
    },
    "@material/button": {
      "version": "0.36.0",
      "resolved": "https://registry.npmjs.org/@material/button/-/button-0.36.0.tgz",
      "integrity": "sha512-gxIIBDBo5V0bcTSbtqGgu9d4HhKAnb/qoprOVBX74i1F9wKQ/Uy5/zqRunRlxR3deM30kdum31BFoVaj9H7Hww==",
      "requires": {
        "@material/elevation": "0.35.0",
        "@material/ripple": "0.36.0",
        "@material/rtl": "0.36.0",
        "@material/theme": "0.35.0",
        "@material/typography": "0.35.0"
      }
    },
    "@material/card": {
      "version": "0.36.0",
      "resolved": "https://registry.npmjs.org/@material/card/-/card-0.36.0.tgz",
      "integrity": "sha512-8oKLbgpYPBkql3jcUjDrWEtWBCusqXNeIBT2nvz4tW7Dzk+I3MnAT8fmMm57N3Hn4qTwha9ZmLlIy+6OVyVBRQ==",
      "requires": {
        "@material/elevation": "0.35.0",
        "@material/ripple": "0.36.0",
        "@material/rtl": "0.36.0",
        "@material/theme": "0.35.0"
      }
    },
    "@material/checkbox": {
      "version": "0.36.0",
      "resolved": "https://registry.npmjs.org/@material/checkbox/-/checkbox-0.36.0.tgz",
      "integrity": "sha512-1S4HH27dCCd/t8th4KECnu/s99FhnlaOnRPLhglsckr3mEAcIcXP20TbYSvdVPguexXmqzBAkGeLqKOtZzZFkg==",
      "requires": {
        "@material/animation": "0.34.0",
        "@material/base": "0.35.0",
        "@material/ripple": "0.36.0",
        "@material/rtl": "0.36.0",
        "@material/selection-control": "0.36.0",
        "@material/theme": "0.35.0"
      }
    },
    "@material/chips": {
      "version": "0.36.0",
      "resolved": "https://registry.npmjs.org/@material/chips/-/chips-0.36.0.tgz",
      "integrity": "sha512-sHOuGc9Gn9M9a3SX6H2Y0OnuOQK592m6LdEMCK758XziCXHwOOaXqTcj/JvdTXxfhntj6fjSfzbrPhdisuFNKA==",
      "requires": {
        "@material/animation": "0.34.0",
        "@material/base": "0.35.0",
        "@material/checkbox": "0.36.0",
        "@material/ripple": "0.36.0",
        "@material/typography": "0.35.0"
      }
    },
    "@material/dialog": {
      "version": "0.36.0",
      "resolved": "https://registry.npmjs.org/@material/dialog/-/dialog-0.36.0.tgz",
      "integrity": "sha512-PTPqTla5oe7M6nFgUjTIuTuumX44QqT5x10nFNVojATEMMIbadIRb6hwjbXwrY2cH/QEDAqZKG25Hy9ZoTOJOQ==",
      "requires": {
        "@material/animation": "0.34.0",
        "@material/base": "0.35.0",
        "@material/elevation": "0.35.0",
        "@material/ripple": "0.36.0",
        "@material/rtl": "0.36.0",
        "@material/theme": "0.35.0",
        "@material/typography": "0.35.0",
        "focus-trap": "2.4.5"
      }
    },
    "@material/drawer": {
      "version": "0.36.0",
      "resolved": "https://registry.npmjs.org/@material/drawer/-/drawer-0.36.0.tgz",
      "integrity": "sha512-Io6iKhVP6Ms+cYMdcM4iExUkslm9Q1X+EB56S8HQh+Gdo0U4LpfrbzmqWmbrxLgymNH6EKHyMlJepgHjtBEUpA==",
      "requires": {
        "@material/animation": "0.34.0",
        "@material/base": "0.35.0",
        "@material/elevation": "0.35.0",
        "@material/rtl": "0.36.0",
        "@material/theme": "0.35.0",
        "@material/typography": "0.35.0"
      }
    },
    "@material/elevation": {
      "version": "0.35.0",
      "resolved": "https://registry.npmjs.org/@material/elevation/-/elevation-0.35.0.tgz",
      "integrity": "sha512-8j+CRrrmyJ/0cSLXI4NykqPIvkHf7dLVUd6G7g7BXDOQkNOMSuu+/8qWOl8zpzd6eoXCqhD8JeZCw684XhVzQw==",
      "requires": {
        "@material/animation": "0.34.0",
        "@material/theme": "0.4.0"
      },
      "dependencies": {
        "@material/theme": {
          "version": "0.4.0",
          "resolved": "https://registry.npmjs.org/@material/theme/-/theme-0.4.0.tgz",
          "integrity": "sha1-Cu8aAnm2XBWZBYT7i47KCVxzRkE="
        }
      }
    },
    "@material/fab": {
      "version": "0.36.0",
      "resolved": "https://registry.npmjs.org/@material/fab/-/fab-0.36.0.tgz",
      "integrity": "sha512-DGWwtWR9jPAdA8ENle0lkkLnaAWs0mPNvQC5kA5t8yacAZWZ/9IFWtBhkvqqTLsaGavG9y2BdbGD2gK0bgQxyw==",
      "requires": {
        "@material/animation": "0.34.0",
        "@material/elevation": "0.35.0",
        "@material/ripple": "0.36.0",
        "@material/theme": "0.35.0"
      }
    },
    "@material/floating-label": {
      "version": "0.36.0",
      "resolved": "https://registry.npmjs.org/@material/floating-label/-/floating-label-0.36.0.tgz",
      "integrity": "sha512-hou0x0zm4FMbO0Uy9qxN/iyQznWghput+/QXSfyBE9fHE91EDFlZKirUwzmszm4B+Z3guxo04KZu4N4h6byCsg==",
      "requires": {
        "@material/base": "0.35.0",
        "@material/rtl": "0.36.0",
        "@material/theme": "0.35.0",
        "@material/typography": "0.35.0"
      }
    },
    "@material/form-field": {
      "version": "0.36.0",
      "resolved": "https://registry.npmjs.org/@material/form-field/-/form-field-0.36.0.tgz",
      "integrity": "sha512-vFnZX5M/t1lWlFw/AHcdC2Tk1PqTDcD+DR1+TLq5kc8u5iwpOyD27HzqfsycTs7OWWpyQ4LVHZiRSPyqAK1jcQ==",
      "requires": {
        "@material/base": "0.35.0",
        "@material/rtl": "0.36.0",
        "@material/selection-control": "0.36.0",
        "@material/theme": "0.35.0",
        "@material/typography": "0.35.0"
      }
    },
    "@material/grid-list": {
      "version": "0.36.0",
      "resolved": "https://registry.npmjs.org/@material/grid-list/-/grid-list-0.36.0.tgz",
      "integrity": "sha512-MnF6NY7NmFinz9+7Gh62zNK/AIrDmROPkyPoiMPBMtAdnuC5rqEDg14yIEGvBwdjrLQZ5bp8yTUR8dBsBpZTNg==",
      "requires": {
        "@material/base": "0.35.0",
        "@material/rtl": "0.36.0",
        "@material/theme": "0.35.0",
        "@material/typography": "0.35.0"
      }
    },
    "@material/icon-button": {
      "version": "0.36.0",
      "resolved": "https://registry.npmjs.org/@material/icon-button/-/icon-button-0.36.0.tgz",
      "integrity": "sha512-40xIj2AHpf8kQA7Dq/P9Pg+QcbyjtJudXONKjHjL+s4fWDTOq1lOsuhH4MaQAoF7afFNibU0zxiKNq21In6jTQ==",
      "requires": {
        "@material/base": "0.35.0",
        "@material/ripple": "0.36.0",
        "@material/theme": "0.35.0"
      }
    },
    "@material/icon-toggle": {
      "version": "0.36.0",
      "resolved": "https://registry.npmjs.org/@material/icon-toggle/-/icon-toggle-0.36.0.tgz",
      "integrity": "sha512-Kxb0vXNBcfyamM+UnAvhqCQ0RqP6Eq5aA2twvYHZl/BWd0q6uw1U1GTW6M5d+rI0ySblFUzR7bmgupAmNqFbKQ==",
      "requires": {
        "@material/animation": "0.34.0",
        "@material/base": "0.35.0",
        "@material/ripple": "0.36.0",
        "@material/theme": "0.35.0"
      }
    },
    "@material/image-list": {
      "version": "0.35.0",
      "resolved": "https://registry.npmjs.org/@material/image-list/-/image-list-0.35.0.tgz",
      "integrity": "sha512-n6nCl+icngiAAbOwIInNAFsJ+dgjmts+npG9tNLBvs9twBrJWavtIpkbwnQNtNlc5gBQuBRraCHIUqZ7pDY5zw==",
      "requires": {
        "@material/theme": "0.35.0",
        "@material/typography": "0.35.0"
      }
    },
    "@material/layout-grid": {
      "version": "0.34.0",
      "resolved": "https://registry.npmjs.org/@material/layout-grid/-/layout-grid-0.34.0.tgz",
      "integrity": "sha512-LJ3LHCumfGftl1ihO0LW9JKsnR71nnlvpzhHdUlK6o1GPul+EEUUdOFN1zxI+Ik9iS++1na/Dg8f/1sdQUxj6w=="
    },
    "@material/line-ripple": {
      "version": "0.35.0",
      "resolved": "https://registry.npmjs.org/@material/line-ripple/-/line-ripple-0.35.0.tgz",
      "integrity": "sha512-0w0kLYo2dGBiR2kgHxybifO7z4UxIYbL55EKOqkg+rG0dC+NkzFoURhjwoll6910EOlS//5UNo1N/u3to3uNjg==",
      "requires": {
        "@material/animation": "0.34.0",
        "@material/base": "0.35.0",
        "@material/theme": "0.35.0"
      }
    },
    "@material/linear-progress": {
      "version": "0.35.0",
      "resolved": "https://registry.npmjs.org/@material/linear-progress/-/linear-progress-0.35.0.tgz",
      "integrity": "sha512-ZU4wZxcJnkiu/jwp4EiwL3A61xuh2sdwthBTuySz1JPeipHUQ3t+lPzD5RwOQQ+akNTgf7q03s94Aaxq8ZUtlA==",
      "requires": {
        "@material/animation": "0.34.0",
        "@material/base": "0.35.0",
        "@material/theme": "0.35.0"
      }
    },
    "@material/list": {
      "version": "0.36.0",
      "resolved": "https://registry.npmjs.org/@material/list/-/list-0.36.0.tgz",
      "integrity": "sha512-BqhYHz8rBItPkgzV3NRYBhSHPnyqwBCR/c5N2gcZ/kHkHkachxj765pH9fIjoqxyDvg+RbYGMGXm3n8FmA57XA==",
      "requires": {
        "@material/ripple": "0.36.0",
        "@material/rtl": "0.36.0",
        "@material/theme": "0.35.0",
        "@material/typography": "0.35.0"
      }
    },
    "@material/menu": {
      "version": "0.35.0",
      "resolved": "https://registry.npmjs.org/@material/menu/-/menu-0.35.0.tgz",
      "integrity": "sha512-BIe78v+92OQNPwdeqqUS3bGQcaI//zLpGRb6FXPoTftZpwDGWS2tgog9IY10g3xm54iE35INHOZG4WTSk7regA==",
      "requires": {
        "@material/animation": "0.34.0",
        "@material/base": "0.35.0",
        "@material/elevation": "0.35.0",
        "@material/theme": "0.35.0",
        "@material/typography": "0.35.0"
      }
    },
    "@material/notched-outline": {
      "version": "0.35.0",
      "resolved": "https://registry.npmjs.org/@material/notched-outline/-/notched-outline-0.35.0.tgz",
      "integrity": "sha512-VXng7P2E0FPbhmoe0afSnKmHocrwOxVHSaEnt46lZL0nT4O19JISprgCWrFHblbhq92SrppHdS73PHzxgfI9HQ==",
      "requires": {
        "@material/animation": "0.34.0",
        "@material/base": "0.35.0",
        "@material/theme": "0.35.0"
      }
    },
    "@material/radio": {
      "version": "0.36.0",
      "resolved": "https://registry.npmjs.org/@material/radio/-/radio-0.36.0.tgz",
      "integrity": "sha512-GZw80QdRtdvkKrYk/vxiOPCBKOKfuf03N3uwn0ULYjUESdDZlQwaIoX2drPY9FpC9goCS84kFQm8yURrD6lxsw==",
      "requires": {
        "@material/animation": "0.34.0",
        "@material/base": "0.35.0",
        "@material/ripple": "0.36.0",
        "@material/selection-control": "0.36.0",
        "@material/theme": "0.35.0"
      }
    },
    "@material/ripple": {
      "version": "0.36.0",
      "resolved": "https://registry.npmjs.org/@material/ripple/-/ripple-0.36.0.tgz",
      "integrity": "sha512-8sKaBDyZ5fp0KgAY6HKukMzBogr4D+yRGMilI+xezxvtd9eFID8WgeMMJoN2sSi5ZuiggGg/nLrCsbk8ueDDwg==",
      "requires": {
        "@material/animation": "0.34.0",
        "@material/base": "0.35.0",
        "@material/theme": "0.35.0"
      }
    },
    "@material/rtl": {
      "version": "0.36.0",
      "resolved": "https://registry.npmjs.org/@material/rtl/-/rtl-0.36.0.tgz",
      "integrity": "sha512-uCMwWGdKG0ooYh1kVINz7vTgSY++9wnvU3kOqjRdfOY+PZHWSa/X/EqRdE9Q1pUFwYlQeU2PXE/Z2dTK/nlziw=="
    },
    "@material/select": {
      "version": "0.36.0",
      "resolved": "https://registry.npmjs.org/@material/select/-/select-0.36.0.tgz",
      "integrity": "sha512-KGV+DhDcEfNDiJUjRLnuxSS4plJk9mrgCl8XSu4xr+TI4ZmaIcBWRQUyQuWOcEfQ5xUKndLmO6r6s4KicwTFDA==",
      "requires": {
        "@material/animation": "0.34.0",
        "@material/base": "0.35.0",
        "@material/floating-label": "0.36.0",
        "@material/line-ripple": "0.35.0",
        "@material/ripple": "0.36.0",
        "@material/rtl": "0.36.0",
        "@material/theme": "0.35.0",
        "@material/typography": "0.35.0"
      }
    },
    "@material/selection-control": {
      "version": "0.36.0",
      "resolved": "https://registry.npmjs.org/@material/selection-control/-/selection-control-0.36.0.tgz",
      "integrity": "sha512-zWbrYUArgOziQ/eps/W/Hcf5D53UQ3M1sVBo/wsXIYlA88TYC0gdWyN6ZU0ta0Giz82ncbg7IGFkvjADJmW1MQ==",
      "requires": {
        "@material/ripple": "0.36.0"
      }
    },
    "@material/shape": {
      "version": "0.35.0",
      "resolved": "https://registry.npmjs.org/@material/shape/-/shape-0.35.0.tgz",
      "integrity": "sha512-WMmGLWrqRymMn8gaPybDWRIx7zNurUmaUa/OoxB++HSiLdLZf8hdEffiWLgqc5u97eRpb4IRaIi/jzcPbWxiUw=="
    },
    "@material/slider": {
      "version": "0.36.0",
      "resolved": "https://registry.npmjs.org/@material/slider/-/slider-0.36.0.tgz",
      "integrity": "sha512-WB4j62IzrQgToWrDwe5ssSX/7wUD2cvCNlVkehz0syjUMWLCDv3ZrWTJQhd3K6XE3TjSjtTa5JjhkuezAAr41A==",
      "requires": {
        "@material/animation": "0.34.0",
        "@material/base": "0.35.0",
        "@material/rtl": "0.36.0",
        "@material/theme": "0.35.0"
      }
    },
    "@material/snackbar": {
      "version": "0.36.0",
      "resolved": "https://registry.npmjs.org/@material/snackbar/-/snackbar-0.36.0.tgz",
      "integrity": "sha512-Q5YL/DLa/cBcE8PGU1HGNsb63OoKknjmL4vYvIMlgy+uNljjXoVBg80Kl5sp8RMzf5XiHByeJaSS1XB7g1ynRQ==",
      "requires": {
        "@material/animation": "0.34.0",
        "@material/base": "0.35.0",
        "@material/rtl": "0.36.0",
        "@material/theme": "0.35.0",
        "@material/typography": "0.35.0"
      }
    },
    "@material/switch": {
      "version": "0.36.0",
      "resolved": "https://registry.npmjs.org/@material/switch/-/switch-0.36.0.tgz",
      "integrity": "sha512-u6w1HWY2SsblvA54Fevk0FSYXEGmQayeAPnksS/ptQ83Z8IquHUnbk0JPud4hjwDia0z9yIRVTn3DGkYz3j8Xg==",
      "requires": {
        "@material/animation": "0.34.0",
        "@material/elevation": "0.35.0",
        "@material/rtl": "0.36.0",
        "@material/theme": "0.35.0"
      }
    },
    "@material/tabs": {
      "version": "0.36.0",
      "resolved": "https://registry.npmjs.org/@material/tabs/-/tabs-0.36.0.tgz",
      "integrity": "sha512-rZ9PPttCSmKzVtanSNj8rQkgbjQ3Lx4sGK3yv47ephWV7Oulgj3AeLfcqwXqfSnSTi3t2q4WAScq6dGSqhsC9Q==",
      "requires": {
        "@material/animation": "0.34.0",
        "@material/base": "0.35.0",
        "@material/ripple": "0.36.0",
        "@material/rtl": "0.36.0",
        "@material/theme": "0.35.0",
        "@material/typography": "0.35.0"
      }
    },
    "@material/textfield": {
      "version": "0.36.0",
      "resolved": "https://registry.npmjs.org/@material/textfield/-/textfield-0.36.0.tgz",
      "integrity": "sha512-bdgjqqDjqeAf/HLR35xqbXjVeuCo1vtdA7/Jy5Ve7Xa/w65GEJuDjMbOYENoi5tVWOGOhM805mlhkXx/d91Sbg==",
      "requires": {
        "@material/animation": "0.34.0",
        "@material/base": "0.35.0",
        "@material/floating-label": "0.36.0",
        "@material/line-ripple": "0.35.0",
        "@material/notched-outline": "0.35.0",
        "@material/ripple": "0.36.0",
        "@material/rtl": "0.36.0",
        "@material/theme": "0.35.0",
        "@material/typography": "0.35.0"
      }
    },
    "@material/theme": {
      "version": "0.35.0",
      "resolved": "https://registry.npmjs.org/@material/theme/-/theme-0.35.0.tgz",
      "integrity": "sha512-jTjRDPKlWVCNnSs4RRe/eq9+F5lFBzxfbuI7klgCR6jTXRMB93jKKKO7k6chgo9l0oObhLh81ao6sq/eV0WFIw=="
    },
    "@material/toolbar": {
      "version": "0.36.0",
      "resolved": "https://registry.npmjs.org/@material/toolbar/-/toolbar-0.36.0.tgz",
      "integrity": "sha512-UK1F6Nonms5M3w5tdLgi8D3Oz5dtPsOyw5R4IB1IbT824IIJ8W8uFTIyn/VdcRVESdsI0tYIqboC6AJYedP4cg==",
      "requires": {
        "@material/base": "0.35.0",
        "@material/elevation": "0.35.0",
        "@material/ripple": "0.36.0",
        "@material/rtl": "0.36.0",
        "@material/theme": "0.35.0",
        "@material/typography": "0.35.0"
      }
    },
    "@material/top-app-bar": {
      "version": "0.36.0",
      "resolved": "https://registry.npmjs.org/@material/top-app-bar/-/top-app-bar-0.36.0.tgz",
      "integrity": "sha512-hw6Rnow8gW3vY7R2ZqjRKUdoIlvZFGUL8QMqj1m6GGI6WGb/rVn37zYGUduagUNeaGPVD1TDUNTWx/ayZ9xE4Q==",
      "requires": {
        "@material/animation": "0.34.0",
        "@material/base": "0.35.0",
        "@material/elevation": "0.35.0",
        "@material/ripple": "0.36.0",
        "@material/rtl": "0.36.0",
        "@material/theme": "0.35.0",
        "@material/typography": "0.35.0"
      }
    },
    "@material/typography": {
      "version": "0.35.0",
      "resolved": "https://registry.npmjs.org/@material/typography/-/typography-0.35.0.tgz",
      "integrity": "sha512-7uXybSQToQCgB19RT0Pq47NkXSSojpbccVAObw/7fmfNUTcr3elNc8iPS/f1slYDTDEdyqM7hCreLcfZQK8ATQ=="
    },
    "focus-trap": {
      "version": "2.4.5",
      "resolved": "https://registry.npmjs.org/focus-trap/-/focus-trap-2.4.5.tgz",
      "integrity": "sha512-jkz7Dh6Pb4ox+z24GhVABDE7lFT19z7KVrpYGH5qqI6KK3Y2IcXhBx844W6ZXYahD+jOEUcGz49dLakXg2sjOQ==",
      "requires": {
        "tabbable": "1.1.3"
      }
    },
    "material-components-web": {
      "version": "0.36.0",
      "resolved": "https://registry.npmjs.org/material-components-web/-/material-components-web-0.36.0.tgz",
      "integrity": "sha512-IQyAuB2jN+qFImO6SfGxWx13M9Dx9xuQ7Lvfdehc/fuoSWC76P8B+nma2gURjriaN9a1vd71rY7IudOf8Ey1lw==",
      "requires": {
        "@material/animation": "0.34.0",
        "@material/auto-init": "0.35.0",
        "@material/base": "0.35.0",
        "@material/button": "0.36.0",
        "@material/card": "0.36.0",
        "@material/checkbox": "0.36.0",
        "@material/chips": "0.36.0",
        "@material/dialog": "0.36.0",
        "@material/drawer": "0.36.0",
        "@material/elevation": "0.35.0",
        "@material/fab": "0.36.0",
        "@material/floating-label": "0.36.0",
        "@material/form-field": "0.36.0",
        "@material/grid-list": "0.36.0",
        "@material/icon-button": "0.36.0",
        "@material/icon-toggle": "0.36.0",
        "@material/image-list": "0.35.0",
        "@material/layout-grid": "0.34.0",
        "@material/line-ripple": "0.35.0",
        "@material/linear-progress": "0.35.0",
        "@material/list": "0.36.0",
        "@material/menu": "0.35.0",
        "@material/notched-outline": "0.35.0",
        "@material/radio": "0.36.0",
        "@material/ripple": "0.36.0",
        "@material/rtl": "0.36.0",
        "@material/select": "0.36.0",
        "@material/selection-control": "0.36.0",
        "@material/shape": "0.35.0",
        "@material/slider": "0.36.0",
        "@material/snackbar": "0.36.0",
        "@material/switch": "0.36.0",
        "@material/tabs": "0.36.0",
        "@material/textfield": "0.36.0",
        "@material/theme": "0.35.0",
        "@material/toolbar": "0.36.0",
        "@material/top-app-bar": "0.36.0",
        "@material/typography": "0.35.0"
      }
    },
    "svelte": {
      "version": "2.7.2",
      "resolved": "https://registry.npmjs.org/svelte/-/svelte-2.7.2.tgz",
      "integrity": "sha512-sugUyDUQ2+vL0jRyXeE2GH4NiDUWPWd12h/nUBzrJHneHmxrPccpILkwd1yNF37JD5PpiUIwOozGrZ3ofrI18A==",
      "dev": true
    },
    "tabbable": {
      "version": "1.1.3",
      "resolved": "https://registry.npmjs.org/tabbable/-/tabbable-1.1.3.tgz",
      "integrity": "sha512-nOWwx35/JuDI4ONuF0ZTo6lYvI0fY0tZCH1ErzY2EXfu4az50ZyiUX8X073FLiZtmWUVlkRnuXsehjJgCw9tYg=="
    }
  }
}
